
Microsoft Visual Studio Solution File, Format Version 12.00
# Visual Studio 15
VisualStudioVersion = 15.0.28307.168
MinimumVisualStudioVersion = 10.0.40219.1
Project("{FAE04EC0-301F-11D3-BF4B-00C04F79EFBC}") = "BingNewsSearch.Android", "BingNewsSearch\BingNewsSearch.Android\BingNewsSearch.Android.csproj", "{FCC3C05B-7DFE-449F-9A3C-0C914114F947}"
EndProject
Project("{FAE04EC0-301F-11D3-BF4B-00C04F79EFBC}") = "BingNewsSearch.iOS", "BingNewsSearch\BingNewsSearch.iOS\BingNewsSearch.iOS.csproj", "{04436A33-2C55-44F0-BE12-B2A20B6BFB8F}"
EndProject
Project("{FAE04EC0-301F-11D3-BF4B-00C04F79EFBC}") = "BingNewsSearch.UWP", "BingNewsSearch\BingNewsSearch.UWP\BingNewsSearch.UWP.csproj", "{5A2AE0C2-7F0F-4AA5-A7CE-118B6537A56A}"
EndProject
Project("{FAE04EC0-301F-11D3-BF4B-00C04F79EFBC}") = "BingNewsSearch", "BingNewsSearch\BingNewsSearch\BingNewsSearch.csproj", "{95FA5A2C-19EB-4AB4-962D-A4DFA59F56A0}"
EndProject
Global
	GlobalSection(SolutionConfigurationPlatforms) = preSolution
		Ad-Hoc|Any CPU = Ad-Hoc|Any CPU
		Ad-Hoc|ARM = Ad-Hoc|ARM
		Ad-Hoc|iPhone = Ad-Hoc|iPhone
		Ad-Hoc|iPhoneSimulator = Ad-Hoc|iPhoneSimulator
		Ad-Hoc|x64 = Ad-Hoc|x64
		Ad-Hoc|x86 = Ad-Hoc|x86
		AppStore|Any CPU = AppStore|Any CPU
		AppStore|ARM = AppStore|ARM
		AppStore|iPhone = AppStore|iPhone
		AppStore|iPhoneSimulator = AppStore|iPhoneSimulator
		AppStore|x64 = AppStore|x64
		AppStore|x86 = AppStore|x86
		Debug|Any CPU = Debug|Any CPU
		Debug|ARM = Debug|ARM
		Debug|iPhone = Debug|iPhone
		Debug|iPhoneSimulator = Debug|iPhoneSimulator
		Debug|x64 = Debug|x64
		Debug|x86 = Debug|x86
		Release|Any CPU = Release|Any CPU
		Release|ARM = Release|ARM
		Release|iPhone = Release|iPhone
		Release|iPhoneSimulator = Release|iPhoneSimulator
		Release|x64 = Release|x64
		Release|x86 = Release|x86
	EndGlobalSection
	GlobalSection(ProjectConfigurationPlatforms) = postSolution
		{FCC3C05B-7DFE-449F-9A3C-0C914114F947}.Ad-Hoc|Any CPU.ActiveCfg = Release|Any CPU
		{FCC3C05B-7DFE-449F-9A3C-0C914114F947}.Ad-Hoc|Any CPU.Build.0 = Release|Any CPU
		{FCC3C05B-7DFE-449F-9A3C-0C914114F947}.Ad-Hoc|Any CPU.Deploy.0 = Release|Any CPU
		{FCC3C05B-7DFE-449F-9A3C-0C914114F947}.Ad-Hoc|ARM.ActiveCfg = Release|Any CPU
		{FCC3C05B-7DFE-449F-9A3C-0C914114F947}.Ad-Hoc|ARM.Build.0 = Release|Any CPU
		{FCC3C05B-7DFE-449F-9A3C-0C914114F947}.Ad-Hoc|ARM.Deploy.0 = Release|Any CPU
		{FCC3C05B-7DFE-449F-9A3C-0C914114F947}.Ad-Hoc|iPhone.ActiveCfg = Release|Any CPU
		{FCC3C05B-7DFE-449F-9A3C-0C914114F947}.Ad-Hoc|iPhone.Build.0 = Release|Any CPU
		{FCC3C05B-7DFE-449F-9A3C-0C914114F947}.Ad-Hoc|iPhone.Deploy.0 = Release|Any CPU
		{FCC3C05B-7DFE-449F-9A3C-0C914114F947}.Ad-Hoc|iPhoneSimulator.ActiveCfg = Release|Any CPU
		{FCC3C05B-7DFE-449F-9A3C-0C914114F947}.Ad-Hoc|iPhoneSimulator.Build.0 = Release|Any CPU
		{FCC3C05B-7DFE-449F-9A3C-0C914114F947}.Ad-Hoc|iPhoneSimulator.Deploy.0 = Release|Any CPU
		{FCC3C05B-7DFE-449F-9A3C-0C914114F947}.Ad-Hoc|x64.ActiveCfg = Release|Any CPU
		{FCC3C05B-7DFE-449F-9A3C-0C914114F947}.Ad-Hoc|x64.Build.0 = Release|Any CPU
		{FCC3C05B-7DFE-449F-9A3C-0C914114F947}.Ad-Hoc|x64.Deploy.0 = Release|Any CPU
		{FCC3C05B-7DFE-449F-9A3C-0C914114F947}.Ad-Hoc|x86.ActiveCfg = Release|Any CPU
		{FCC3C05B-7DFE-449F-9A3C-0C914114F947}.Ad-Hoc|x86.Build.0 = Release|Any CPU
		{FCC3C05B-7DFE-449F-9A3C-0C914114F947}.Ad-Hoc|x86.Deploy.0 = Release|Any CPU
		{FCC3C05B-7DFE-449F-9A3C-0C914114F947}.AppStore|Any CPU.ActiveCfg = Release|Any CPU
		{FCC3C05B-7DFE-449F-9A3C-0C914114F947}.AppStore|Any CPU.Build.0 = Release|Any CPU
		{FCC3C05B-7DFE-449F-9A3C-0C914114F947}.AppStore|Any CPU.Deploy.0 = Release|Any CPU
		{FCC3C05B-7DFE-449F-9A3C-0C914114F947}.AppStore|ARM.ActiveCfg = Release|Any CPU
		{FCC3C05B-7DFE-449F-9A3C-0C914114F947}.AppStore|ARM.Build.0 = Release|Any CPU
		{FCC3C05B-7DFE-449F-9A3C-0C914114F947}.AppStore|ARM.Deploy.0 = Release|Any CPU
		{FCC3C05B-7DFE-449F-9A3C-0C914114F947}.AppStore|iPhone.ActiveCfg = Release|Any CPU
		{FCC3C05B-7DFE-449F-9A3C-0C914114F947}.AppStore|iPhone.Build.0 = Release|Any CPU
		{FCC3C05B-7DFE-449F-9A3C-0C914114F947}.AppStore|iPhone.Deploy.0 = Release|Any CPU
		{FCC3C05B-7DFE-449F-9A3C-0C914114F947}.AppStore|iPhoneSimulator.ActiveCfg = Release|Any CPU
		{FCC3C05B-7DFE-449F-9A3C-0C914114F947}.AppStore|iPhoneSimulator.Build.0 = Release|Any CPU
		{FCC3C05B-7DFE-449F-9A3C-0C914114F947}.AppStore|iPhoneSimulator.Deploy.0 = Release|Any CPU
		{FCC3C05B-7DFE-449F-9A3C-0C914114F947}.AppStore|x64.ActiveCfg = Release|Any CPU
		{FCC3C05B-7DFE-449F-9A3C-0C914114F947}.AppStore|x64.Build.0 = Release|Any CPU
		{FCC3C05B-7DFE-449F-9A3C-0C914114F947}.AppStore|x64.Deploy.0 = Release|Any CPU
		{FCC3C05B-7DFE-449F-9A3C-0C914114F947}.AppStore|x86.ActiveCfg = Release|Any CPU
		{FCC3C05B-7DFE-449F-9A3C-0C914114F947}.AppStore|x86.Build.0 = Release|Any CPU
		{FCC3C05B-7DFE-449F-9A3C-0C914114F947}.AppStore|x86.Deploy.0 = Release|Any CPU
		{FCC3C05B-7DFE-449F-9A3C-0C914114F947}.Debug|Any CPU.ActiveCfg = Debug|Any CPU
		{FCC3C05B-7DFE-449F-9A3C-0C914114F947}.Debug|Any CPU.Build.0 = Debug|Any CPU
		{FCC3C05B-7DFE-449F-9A3C-0C914114F947}.Debug|Any CPU.Deploy.0 = Debug|Any CPU
		{FCC3C05B-7DFE-449F-9A3C-0C914114F947}.Debug|ARM.ActiveCfg = Debug|Any CPU
		{FCC3C05B-7DFE-449F-9A3C-0C914114F947}.Debug|ARM.Build.0 = Debug|Any CPU
		{FCC3C05B-7DFE-449F-9A3C-0C914114F947}.Debug|ARM.Deploy.0 = Debug|Any CPU
		{FCC3C05B-7DFE-449F-9A3C-0C914114F947}.Debug|iPhone.ActiveCfg = Debug|Any CPU
		{FCC3C05B-7DFE-449F-9A3C-0C914114F947}.Debug|iPhone.Build.0 = Debug|Any CPU
		{FCC3C05B-7DFE-449F-9A3C-0C914114F947}.Debug|iPhone.Deploy.0 = Debug|Any CPU
		{FCC3C05B-7DFE-449F-9A3C-0C914114F947}.Debug|iPhoneSimulator.ActiveCfg = Debug|Any CPU
		{FCC3C05B-7DFE-449F-9A3C-0C914114F947}.Debug|iPhoneSimulator.Build.0 = Debug|Any CPU
		{FCC3C05B-7DFE-449F-9A3C-0C914114F947}.Debug|iPhoneSimulator.Deploy.0 = Debug|Any CPU
		{FCC3C05B-7DFE-449F-9A3C-0C914114F947}.Debug|x64.ActiveCfg = Debug|Any CPU
		{FCC3C05B-7DFE-449F-9A3C-0C914114F947}.Debug|x64.Build.0 = Debug|Any CPU
		{FCC3C05B-7DFE-449F-9A3C-0C914114F947}.Debug|x64.Deploy.0 = Debug|Any CPU
		{FCC3C05B-7DFE-449F-9A3C-0C914114F947}.Debug|x86.ActiveCfg = Debug|Any CPU
		{FCC3C05B-7DFE-449F-9A3C-0C914114F947}.Debug|x86.Build.0 = Debug|Any CPU
		{FCC3C05B-7DFE-449F-9A3C-0C914114F947}.Debug|x86.Deploy.0 = Debug|Any CPU
		{FCC3C05B-7DFE-449F-9A3C-0C914114F947}.Release|Any CPU.ActiveCfg = Release|Any CPU
		{FCC3C05B-7DFE-449F-9A3C-0C914114F947}.Release|Any CPU.Build.0 = Release|Any CPU
		{FCC3C05B-7DFE-449F-9A3C-0C914114F947}.Release|Any CPU.Deploy.0 = Release|Any CPU
		{FCC3C05B-7DFE-449F-9A3C-0C914114F947}.Release|ARM.ActiveCfg = Release|Any CPU
		{FCC3C05B-7DFE-449F-9A3C-0C914114F947}.Release|ARM.Build.0 = Release|Any CPU
		{FCC3C05B-7DFE-449F-9A3C-0C914114F947}.Release|ARM.Deploy.0 = Release|Any CPU
		{FCC3C05B-7DFE-449F-9A3C-0C914114F947}.Release|iPhone.ActiveCfg = Release|Any CPU
		{FCC3C05B-7DFE-449F-9A3C-0C914114F947}.Release|iPhone.Build.0 = Release|Any CPU
		{FCC3C05B-7DFE-449F-9A3C-0C914114F947}.Release|iPhone.Deploy.0 = Release|Any CPU
		{FCC3C05B-7DFE-449F-9A3C-0C914114F947}.Release|iPhoneSimulator.ActiveCfg = Release|Any CPU
		{FCC3C05B-7DFE-449F-9A3C-0C914114F947}.Release|iPhoneSimulator.Build.0 = Release|Any CPU
		{FCC3C05B-7DFE-449F-9A3C-0C914114F947}.Release|iPhoneSimulator.Deploy.0 = Release|Any CPU
		{FCC3C05B-7DFE-449F-9A3C-0C914114F947}.Release|x64.ActiveCfg = Release|Any CPU
		{FCC3C05B-7DFE-449F-9A3C-0C914114F947}.Release|x64.Build.0 = Release|Any CPU
		{FCC3C05B-7DFE-449F-9A3C-0C914114F947}.Release|x64.Deploy.0 = Release|Any CPU
		{FCC3C05B-7DFE-449F-9A3C-0C914114F947}.Release|x86.ActiveCfg = Release|Any CPU
		{FCC3C05B-7DFE-449F-9A3C-0C914114F947}.Release|x86.Build.0 = Release|Any CPU
		{FCC3C05B-7DFE-449F-9A3C-0C914114F947}.Release|x86.Deploy.0 = Release|Any CPU
		{04436A33-2C55-44F0-BE12-B2A20B6BFB8F}.Ad-Hoc|Any CPU.ActiveCfg = Ad-Hoc|iPhone
		{04436A33-2C55-44F0-BE12-B2A20B6BFB8F}.Ad-Hoc|Any CPU.Build.0 = Ad-Hoc|iPhone
		{04436A33-2C55-44F0-BE12-B2A20B6BFB8F}.Ad-Hoc|Any CPU.Deploy.0 = Ad-Hoc|iPhone
		{04436A33-2C55-44F0-BE12-B2A20B6BFB8F}.Ad-Hoc|ARM.ActiveCfg = Ad-Hoc|iPhone
		{04436A33-2C55-44F0-BE12-B2A20B6BFB8F}.Ad-Hoc|ARM.Build.0 = Ad-Hoc|iPhone
		{04436A33-2C55-44F0-BE12-B2A20B6BFB8F}.Ad-Hoc|ARM.Deploy.0 = Ad-Hoc|iPhone
		{04436A33-2C55-44F0-BE12-B2A20B6BFB8F}.Ad-Hoc|iPhone.ActiveCfg = Ad-Hoc|iPhone
		{04436A33-2C55-44F0-BE12-B2A20B6BFB8F}.Ad-Hoc|iPhone.Build.0 = Ad-Hoc|iPhone
		{04436A33-2C55-44F0-BE12-B2A20B6BFB8F}.Ad-Hoc|iPhone.Deploy.0 = Ad-Hoc|iPhone
		{04436A33-2C55-44F0-BE12-B2A20B6BFB8F}.Ad-Hoc|iPhoneSimulator.ActiveCfg = Ad-Hoc|iPhoneSimulator
		{04436A33-2C55-44F0-BE12-B2A20B6BFB8F}.Ad-Hoc|iPhoneSimulator.Build.0 = Ad-Hoc|iPhoneSimulator
		{04436A33-2C55-44F0-BE12-B2A20B6BFB8F}.Ad-Hoc|iPhoneSimulator.Deploy.0 = Ad-Hoc|iPhoneSimulator
		{04436A33-2C55-44F0-BE12-B2A20B6BFB8F}.Ad-Hoc|x64.ActiveCfg = Ad-Hoc|iPhone
		{04436A33-2C55-44F0-BE12-B2A20B6BFB8F}.Ad-Hoc|x64.Build.0 = Ad-Hoc|iPhone
		{04436A33-2C55-44F0-BE12-B2A20B6BFB8F}.Ad-Hoc|x64.Deploy.0 = Ad-Hoc|iPhone
		{04436A33-2C55-44F0-BE12-B2A20B6BFB8F}.Ad-Hoc|x86.ActiveCfg = Ad-Hoc|iPhone
		{04436A33-2C55-44F0-BE12-B2A20B6BFB8F}.Ad-Hoc|x86.Build.0 = Ad-Hoc|iPhone
		{04436A33-2C55-44F0-BE12-B2A20B6BFB8F}.Ad-Hoc|x86.Deploy.0 = Ad-Hoc|iPhone
		{04436A33-2C55-44F0-BE12-B2A20B6BFB8F}.AppStore|Any CPU.ActiveCfg = AppStore|iPhone
		{04436A33-2C55-44F0-BE12-B2A20B6BFB8F}.AppStore|Any CPU.Build.0 = AppStore|iPhone
		{04436A33-2C55-44F0-BE12-B2A20B6BFB8F}.AppStore|Any CPU.Deploy.0 = AppStore|iPhone
		{04436A33-2C55-44F0-BE12-B2A20B6BFB8F}.AppStore|ARM.ActiveCfg = AppStore|iPhone
		{04436A33-2C55-44F0-BE12-B2A20B6BFB8F}.AppStore|ARM.Build.0 = AppStore|iPhone
		{04436A33-2C55-44F0-BE12-B2A20B6BFB8F}.AppStore|ARM.Deploy.0 = AppStore|iPhone
		{04436A33-2C55-44F0-BE12-B2A20B6BFB8F}.AppStore|iPhone.ActiveCfg = AppStore|iPhone
		{04436A33-2C55-44F0-BE12-B2A20B6BFB8F}.AppStore|iPhone.Build.0 = AppStore|iPhone
		{04436A33-2C55-44F0-BE12-B2A20B6BFB8F}.AppStore|iPhone.Deploy.0 = AppStore|iPhone
		{04436A33-2C55-44F0-BE12-B2A20B6BFB8F}.AppStore|iPhoneSimulator.ActiveCfg = AppStore|iPhoneSimulator
		{04436A33-2C55-44F0-BE12-B2A20B6BFB8F}.AppStore|iPhoneSimulator.Build.0 = AppStore|iPhoneSimulator
		{04436A33-2C55-44F0-BE12-B2A20B6BFB8F}.AppStore|iPhoneSimulator.Deploy.0 = AppStore|iPhoneSimulator
		{04436A33-2C55-44F0-BE12-B2A20B6BFB8F}.AppStore|x64.ActiveCfg = AppStore|iPhone
		{04436A33-2C55-44F0-BE12-B2A20B6BFB8F}.AppStore|x64.Build.0 = AppStore|iPhone
		{04436A33-2C55-44F0-BE12-B2A20B6BFB8F}.AppStore|x64.Deploy.0 = AppStore|iPhone
		{04436A33-2C55-44F0-BE12-B2A20B6BFB8F}.AppStore|x86.ActiveCfg = AppStore|iPhone
		{04436A33-2C55-44F0-BE12-B2A20B6BFB8F}.AppStore|x86.Build.0 = AppStore|iPhone
		{04436A33-2C55-44F0-BE12-B2A20B6BFB8F}.AppStore|x86.Deploy.0 = AppStore|iPhone
		{04436A33-2C55-44F0-BE12-B2A20B6BFB8F}.Debug|Any CPU.ActiveCfg = Debug|iPhoneSimulator
		{04436A33-2C55-44F0-BE12-B2A20B6BFB8F}.Debug|Any CPU.Build.0 = Debug|iPhoneSimulator
		{04436A33-2C55-44F0-BE12-B2A20B6BFB8F}.Debug|Any CPU.Deploy.0 = Debug|iPhoneSimulator
		{04436A33-2C55-44F0-BE12-B2A20B6BFB8F}.Debug|ARM.ActiveCfg = Debug|iPhone
		{04436A33-2C55-44F0-BE12-B2A20B6BFB8F}.Debug|ARM.Build.0 = Debug|iPhone
		{04436A33-2C55-44F0-BE12-B2A20B6BFB8F}.Debug|ARM.Deploy.0 = Debug|iPhone
		{04436A33-2C55-44F0-BE12-B2A20B6BFB8F}.Debug|iPhone.ActiveCfg = Debug|iPhone
		{04436A33-2C55-44F0-BE12-B2A20B6BFB8F}.Debug|iPhone.Build.0 = Debug|iPhone
		{04436A33-2C55-44F0-BE12-B2A20B6BFB8F}.Debug|iPhone.Deploy.0 = Debug|iPhone
		{04436A33-2C55-44F0-BE12-B2A20B6BFB8F}.Debug|iPhoneSimulator.ActiveCfg = Debug|iPhoneSimulator
		{04436A33-2C55-44F0-BE12-B2A20B6BFB8F}.Debug|iPhoneSimulator.Build.0 = Debug|iPhoneSimulator
		{04436A33-2C55-44F0-BE12-B2A20B6BFB8F}.Debug|iPhoneSimulator.Deploy.0 = Debug|iPhoneSimulator
		{04436A33-2C55-44F0-BE12-B2A20B6BFB8F}.Debug|x64.ActiveCfg = Debug|iPhone
		{04436A33-2C55-44F0-BE12-B2A20B6BFB8F}.Debug|x64.Build.0 = Debug|iPhone
		{04436A33-2C55-44F0-BE12-B2A20B6BFB8F}.Debug|x64.Deploy.0 = Debug|iPhone
		{04436A33-2C55-44F0-BE12-B2A20B6BFB8F}.Debug|x86.ActiveCfg = Debug|iPhone
		{04436A33-2C55-44F0-BE12-B2A20B6BFB8F}.Debug|x86.Build.0 = Debug|iPhone
		{04436A33-2C55-44F0-BE12-B2A20B6BFB8F}.Debug|x86.Deploy.0 = Debug|iPhone
		{04436A33-2C55-44F0-BE12-B2A20B6BFB8F}.Release|Any CPU.ActiveCfg = Release|iPhone
		{04436A33-2C55-44F0-BE12-B2A20B6BFB8F}.Release|Any CPU.Build.0 = Release|iPhone
		{04436A33-2C55-44F0-BE12-B2A20B6BFB8F}.Release|Any CPU.Deploy.0 = Release|iPhone
		{04436A33-2C55-44F0-BE12-B2A20B6BFB8F}.Release|ARM.ActiveCfg = Release|iPhone
		{04436A33-2C55-44F0-BE12-B2A20B6BFB8F}.Release|ARM.Build.0 = Release|iPhone
		{04436A33-2C55-44F0-BE12-B2A20B6BFB8F}.Release|ARM.Deploy.0 = Release|iPhone
		{04436A33-2C55-44F0-BE12-B2A20B6BFB8F}.Release|iPhone.ActiveCfg = Release|iPhone
		{04436A33-2C55-44F0-BE12-B2A20B6BFB8F}.Release|iPhone.Build.0 = Release|iPhone
		{04436A33-2C55-44F0-BE12-B2A20B6BFB8F}.Release|iPhone.Deploy.0 = Release|iPhone
		{04436A33-2C55-44F0-BE12-B2A20B6BFB8F}.Release|iPhoneSimulator.ActiveCfg = Release|iPhoneSimulator
		{04436A33-2C55-44F0-BE12-B2A20B6BFB8F}.Release|iPhoneSimulator.Build.0 = Release|iPhoneSimulator
		{04436A33-2C55-44F0-BE12-B2A20B6BFB8F}.Release|iPhoneSimulator.Deploy.0 = Release|iPhoneSimulator
		{04436A33-2C55-44F0-BE12-B2A20B6BFB8F}.Release|x64.ActiveCfg = Release|iPhone
		{04436A33-2C55-44F0-BE12-B2A20B6BFB8F}.Release|x64.Build.0 = Release|iPhone
		{04436A33-2C55-44F0-BE12-B2A20B6BFB8F}.Release|x64.Deploy.0 = Release|iPhone
		{04436A33-2C55-44F0-BE12-B2A20B6BFB8F}.Release|x86.ActiveCfg = Release|iPhone
		{04436A33-2C55-44F0-BE12-B2A20B6BFB8F}.Release|x86.Build.0 = Release|iPhone
		{04436A33-2C55-44F0-BE12-B2A20B6BFB8F}.Release|x86.Deploy.0 = Release|iPhone
		{5A2AE0C2-7F0F-4AA5-A7CE-118B6537A56A}.Ad-Hoc|Any CPU.ActiveCfg = Release|x86
		{5A2AE0C2-7F0F-4AA5-A7CE-118B6537A56A}.Ad-Hoc|Any CPU.Build.0 = Release|x86
		{5A2AE0C2-7F0F-4AA5-A7CE-118B6537A56A}.Ad-Hoc|Any CPU.Deploy.0 = Release|x86
		{5A2AE0C2-7F0F-4AA5-A7CE-118B6537A56A}.Ad-Hoc|ARM.ActiveCfg = Release|ARM
		{5A2AE0C2-7F0F-4AA5-A7CE-118B6537A56A}.Ad-Hoc|ARM.Build.0 = Release|ARM
		{5A2AE0C2-7F0F-4AA5-A7CE-118B6537A56A}.Ad-Hoc|ARM.Deploy.0 = Release|ARM
		{5A2AE0C2-7F0F-4AA5-A7CE-118B6537A56A}.Ad-Hoc|iPhone.ActiveCfg = Release|x86
		{5A2AE0C2-7F0F-4AA5-A7CE-118B6537A56A}.Ad-Hoc|iPhone.Build.0 = Release|x86
		{5A2AE0C2-7F0F-4AA5-A7CE-118B6537A56A}.Ad-Hoc|iPhone.Deploy.0 = Release|x86
		{5A2AE0C2-7F0F-4AA5-A7CE-118B6537A56A}.Ad-Hoc|iPhoneSimulator.ActiveCfg = Release|x86
		{5A2AE0C2-7F0F-4AA5-A7CE-118B6537A56A}.Ad-Hoc|iPhoneSimulator.Build.0 = Release|x86
		{5A2AE0C2-7F0F-4AA5-A7CE-118B6537A56A}.Ad-Hoc|iPhoneSimulator.Deploy.0 = Release|x86
		{5A2AE0C2-7F0F-4AA5-A7CE-118B6537A56A}.Ad-Hoc|x64.ActiveCfg = Release|x64
		{5A2AE0C2-7F0F-4AA5-A7CE-118B6537A56A}.Ad-Hoc|x64.Build.0 = Release|x64
		{5A2AE0C2-7F0F-4AA5-A7CE-118B6537A56A}.Ad-Hoc|x64.Deploy.0 = Release|x64
		{5A2AE0C2-7F0F-4AA5-A7CE-118B6537A56A}.Ad-Hoc|x86.ActiveCfg = Release|x86
		{5A2AE0C2-7F0F-4AA5-A7CE-118B6537A56A}.Ad-Hoc|x86.Build.0 = Release|x86
		{5A2AE0C2-7F0F-4AA5-A7CE-118B6537A56A}.Ad-Hoc|x86.Deploy.0 = Release|x86
		{5A2AE0C2-7F0F-4AA5-A7CE-118B6537A56A}.AppStore|Any CPU.ActiveCfg = Release|x86
		{5A2AE0C2-7F0F-4AA5-A7CE-118B6537A56A}.AppStore|Any CPU.Build.0 = Release|x86
		{5A2AE0C2-7F0F-4AA5-A7CE-118B6537A56A}.AppStore|Any CPU.Deploy.0 = Release|x86
		{5A2AE0C2-7F0F-4AA5-A7CE-118B6537A56A}.AppStore|ARM.ActiveCfg = Release|ARM
		{5A2AE0C2-7F0F-4AA5-A7CE-118B6537A56A}.AppStore|ARM.Build.0 = Release|ARM
		{5A2AE0C2-7F0F-4AA5-A7CE-118B6537A56A}.AppStore|ARM.Deploy.0 = Release|ARM
		{5A2AE0C2-7F0F-4AA5-A7CE-118B6537A56A}.AppStore|iPhone.ActiveCfg = Release|x86
		{5A2AE0C2-7F0F-4AA5-A7CE-118B6537A56A}.AppStore|iPhone.Build.0 = Release|x86
		{5A2AE0C2-7F0F-4AA5-A7CE-118B6537A56A}.AppStore|iPhone.Deploy.0 = Release|x86
		{5A2AE0C2-7F0F-4AA5-A7CE-118B6537A56A}.AppStore|iPhoneSimulator.ActiveCfg = Release|x86
		{5A2AE0C2-7F0F-4AA5-A7CE-118B6537A56A}.AppStore|iPhoneSimulator.Build.0 = Release|x86
		{5A2AE0C2-7F0F-4AA5-A7CE-118B6537A56A}.AppStore|iPhoneSimulator.Deploy.0 = Release|x86
		{5A2AE0C2-7F0F-4AA5-A7CE-118B6537A56A}.AppStore|x64.ActiveCfg = Release|x64
		{5A2AE0C2-7F0F-4AA5-A7CE-118B6537A56A}.AppStore|x64.Build.0 = Release|x64
		{5A2AE0C2-7F0F-4AA5-A7CE-118B6537A56A}.AppStore|x64.Deploy.0 = Release|x64
		{5A2AE0C2-7F0F-4AA5-A7CE-118B6537A56A}.AppStore|x86.ActiveCfg = Release|x86
		{5A2AE0C2-7F0F-4AA5-A7CE-118B6537A56A}.AppStore|x86.Build.0 = Release|x86
		{5A2AE0C2-7F0F-4AA5-A7CE-118B6537A56A}.AppStore|x86.Deploy.0 = Release|x86
		{5A2AE0C2-7F0F-4AA5-A7CE-118B6537A56A}.Debug|Any CPU.ActiveCfg = Debug|x86
		{5A2AE0C2-7F0F-4AA5-A7CE-118B6537A56A}.Debug|Any CPU.Build.0 = Debug|x86
		{5A2AE0C2-7F0F-4AA5-A7CE-118B6537A56A}.Debug|Any CPU.Deploy.0 = Debug|x86
		{5A2AE0C2-7F0F-4AA5-A7CE-118B6537A56A}.Debug|ARM.ActiveCfg = Debug|ARM
		{5A2AE0C2-7F0F-4AA5-A7CE-118B6537A56A}.Debug|ARM.Build.0 = Debug|ARM
		{5A2AE0C2-7F0F-4AA5-A7CE-118B6537A56A}.Debug|ARM.Deploy.0 = Debug|ARM
		{5A2AE0C2-7F0F-4AA5-A7CE-118B6537A56A}.Debug|iPhone.ActiveCfg = Debug|x86
		{5A2AE0C2-7F0F-4AA5-A7CE-118B6537A56A}.Debug|iPhone.Build.0 = Debug|x86
		{5A2AE0C2-7F0F-4AA5-A7CE-118B6537A56A}.Debug|iPhone.Deploy.0 = Debug|x86
		{5A2AE0C2-7F0F-4AA5-A7CE-118B6537A56A}.Debug|iPhoneSimulator.ActiveCfg = Debug|x86
		{5A2AE0C2-7F0F-4AA5-A7CE-118B6537A56A}.Debug|iPhoneSimulator.Build.0 = Debug|x86
		{5A2AE0C2-7F0F-4AA5-A7CE-118B6537A56A}.Debug|iPhoneSimulator.Deploy.0 = Debug|x86
		{5A2AE0C2-7F0F-4AA5-A7CE-118B6537A56A}.Debug|x64.ActiveCfg = Debug|x64
		{5A2AE0C2-7F0F-4AA5-A7CE-118B6537A56A}.Debug|x64.Build.0 = Debug|x64
		{5A2AE0C2-7F0F-4AA5-A7CE-118B6537A56A}.Debug|x64.Deploy.0 = Debug|x64
		{5A2AE0C2-7F0F-4AA5-A7CE-118B6537A56A}.Debug|x86.ActiveCfg = Debug|x86
		{5A2AE0C2-7F0F-4AA5-A7CE-118B6537A56A}.Debug|x86.Build.0 = Debug|x86
		{5A2AE0C2-7F0F-4AA5-A7CE-118B6537A56A}.Debug|x86.Deploy.0 = Debug|x86
		{5A2AE0C2-7F0F-4AA5-A7CE-118B6537A56A}.Release|Any CPU.ActiveCfg = Release|x86
		{5A2AE0C2-7F0F-4AA5-A7CE-118B6537A56A}.Release|Any CPU.Build.0 = Release|x86
		{5A2AE0C2-7F0F-4AA5-A7CE-118B6537A56A}.Release|Any CPU.Deploy.0 = Release|x86
		{5A2AE0C2-7F0F-4AA5-A7CE-118B6537A56A}.Release|ARM.ActiveCfg = Release|ARM
		{5A2AE0C2-7F0F-4AA5-A7CE-118B6537A56A}.Release|ARM.Build.0 = Release|ARM
		{5A2AE0C2-7F0F-4AA5-A7CE-118B6537A56A}.Release|ARM.Deploy.0 = Release|ARM
		{5A2AE0C2-7F0F-4AA5-A7CE-118B6537A56A}.Release|iPhone.ActiveCfg = Release|x86
		{5A2AE0C2-7F0F-4AA5-A7CE-118B6537A56A}.Release|iPhone.Build.0 = Release|x86
		{5A2AE0C2-7F0F-4AA5-A7CE-118B6537A56A}.Release|iPhone.Deploy.0 = Release|x86
		{5A2AE0C2-7F0F-4AA5-A7CE-118B6537A56A}.Release|iPhoneSimulator.ActiveCfg = Release|x86
		{5A2AE0C2-7F0F-4AA5-A7CE-118B6537A56A}.Release|iPhoneSimulator.Build.0 = Release|x86
		{5A2AE0C2-7F0F-4AA5-A7CE-118B6537A56A}.Release|iPhoneSimulator.Deploy.0 = Release|x86
		{5A2AE0C2-7F0F-4AA5-A7CE-118B6537A56A}.Release|x64.ActiveCfg = Release|x64
		{5A2AE0C2-7F0F-4AA5-A7CE-118B6537A56A}.Release|x64.Build.0 = Release|x64
		{5A2AE0C2-7F0F-4AA5-A7CE-118B6537A56A}.Release|x64.Deploy.0 = Release|x64
		{5A2AE0C2-7F0F-4AA5-A7CE-118B6537A56A}.Release|x86.ActiveCfg = Release|x86
		{5A2AE0C2-7F0F-4AA5-A7CE-118B6537A56A}.Release|x86.Build.0 = Release|x86
		{5A2AE0C2-7F0F-4AA5-A7CE-118B6537A56A}.Release|x86.Deploy.0 = Release|x86
		{95FA5A2C-19EB-4AB4-962D-A4DFA59F56A0}.Ad-Hoc|Any CPU.ActiveCfg = Debug|Any CPU
		{95FA5A2C-19EB-4AB4-962D-A4DFA59F56A0}.Ad-Hoc|Any CPU.Build.0 = Debug|Any CPU
		{95FA5A2C-19EB-4AB4-962D-A4DFA59F56A0}.Ad-Hoc|Any CPU.Deploy.0 = Debug|Any CPU
		{95FA5A2C-19EB-4AB4-962D-A4DFA59F56A0}.Ad-Hoc|ARM.ActiveCfg = Debug|Any CPU
		{95FA5A2C-19EB-4AB4-962D-A4DFA59F56A0}.Ad-Hoc|ARM.Build.0 = Debug|Any CPU
		{95FA5A2C-19EB-4AB4-962D-A4DFA59F56A0}.Ad-Hoc|ARM.Deploy.0 = Debug|Any CPU
		{95FA5A2C-19EB-4AB4-962D-A4DFA59F56A0}.Ad-Hoc|iPhone.ActiveCfg = Debug|Any CPU
		{95FA5A2C-19EB-4AB4-962D-A4DFA59F56A0}.Ad-Hoc|iPhone.Build.0 = Debug|Any CPU
		{95FA5A2C-19EB-4AB4-962D-A4DFA59F56A0}.Ad-Hoc|iPhone.Deploy.0 = Debug|Any CPU
		{95FA5A2C-19EB-4AB4-962D-A4DFA59F56A0}.Ad-Hoc|iPhoneSimulator.ActiveCfg = Debug|Any CPU
		{95FA5A2C-19EB-4AB4-962D-A4DFA59F56A0}.Ad-Hoc|iPhoneSimulator.Build.0 = Debug|Any CPU
		{95FA5A2C-19EB-4AB4-962D-A4DFA59F56A0}.Ad-Hoc|iPhoneSimulator.Deploy.0 = Debug|Any CPU
		{95FA5A2C-19EB-4AB4-962D-A4DFA59F56A0}.Ad-Hoc|x64.ActiveCfg = Debug|Any CPU
		{95FA5A2C-19EB-4AB4-962D-A4DFA59F56A0}.Ad-Hoc|x64.Build.0 = Debug|Any CPU
		{95FA5A2C-19EB-4AB4-962D-A4DFA59F56A0}.Ad-Hoc|x64.Deploy.0 = Debug|Any CPU
		{95FA5A2C-19EB-4AB4-962D-A4DFA59F56A0}.Ad-Hoc|x86.ActiveCfg = Debug|Any CPU
		{95FA5A2C-19EB-4AB4-962D-A4DFA59F56A0}.Ad-Hoc|x86.Build.0 = Debug|Any CPU
		{95FA5A2C-19EB-4AB4-962D-A4DFA59F56A0}.Ad-Hoc|x86.Deploy.0 = Debug|Any CPU
		{95FA5A2C-19EB-4AB4-962D-A4DFA59F56A0}.AppStore|Any CPU.ActiveCfg = Debug|Any CPU
		{95FA5A2C-19EB-4AB4-962D-A4DFA59F56A0}.AppStore|Any CPU.Build.0 = Debug|Any CPU
		{95FA5A2C-19EB-4AB4-962D-A4DFA59F56A0}.AppStore|Any CPU.Deploy.0 = Debug|Any CPU
		{95FA5A2C-19EB-4AB4-962D-A4DFA59F56A0}.AppStore|ARM.ActiveCfg = Debug|Any CPU
		{95FA5A2C-19EB-4AB4-962D-A4DFA59F56A0}.AppStore|ARM.Build.0 = Debug|Any CPU
		{95FA5A2C-19EB-4AB4-962D-A4DFA59F56A0}.AppStore|ARM.Deploy.0 = Debug|Any CPU
		{95FA5A2C-19EB-4AB4-962D-A4DFA59F56A0}.AppStore|iPhone.ActiveCfg = Debug|Any CPU
		{95FA5A2C-19EB-4AB4-962D-A4DFA59F56A0}.AppStore|iPhone.Build.0 = Debug|Any CPU
		{95FA5A2C-19EB-4AB4-962D-A4DFA59F56A0}.AppStore|iPhone.Deploy.0 = Debug|Any CPU
		{95FA5A2C-19EB-4AB4-962D-A4DFA59F56A0}.AppStore|iPhoneSimulator.ActiveCfg = Debug|Any CPU
		{95FA5A2C-19EB-4AB4-962D-A4DFA59F56A0}.AppStore|iPhoneSimulator.Build.0 = Debug|Any CPU
		{95FA5A2C-19EB-4AB4-962D-A4DFA59F56A0}.AppStore|iPhoneSimulator.Deploy.0 = Debug|Any CPU
		{95FA5A2C-19EB-4AB4-962D-A4DFA59F56A0}.AppStore|x64.ActiveCfg = Debug|Any CPU
		{95FA5A2C-19EB-4AB4-962D-A4DFA59F56A0}.AppStore|x64.Build.0 = Debug|Any CPU
		{95FA5A2C-19EB-4AB4-962D-A4DFA59F56A0}.AppStore|x64.Deploy.0 = Debug|Any CPU
		{95FA5A2C-19EB-4AB4-962D-A4DFA59F56A0}.AppStore|x86.ActiveCfg = Debug|Any CPU
		{95FA5A2C-19EB-4AB4-962D-A4DFA59F56A0}.AppStore|x86.Build.0 = Debug|Any CPU
		{95FA5A2C-19EB-4AB4-962D-A4DFA59F56A0}.AppStore|x86.Deploy.0 = Debug|Any CPU
		{95FA5A2C-19EB-4AB4-962D-A4DFA59F56A0}.Debug|Any CPU.ActiveCfg = Debug|Any CPU
		{95FA5A2C-19EB-4AB4-962D-A4DFA59F56A0}.Debug|Any CPU.Build.0 = Debug|Any CPU
		{95FA5A2C-19EB-4AB4-962D-A4DFA59F56A0}.Debug|Any CPU.Deploy.0 = Debug|Any CPU
		{95FA5A2C-19EB-4AB4-962D-A4DFA59F56A0}.Debug|ARM.ActiveCfg = Debug|Any CPU
		{95FA5A2C-19EB-4AB4-962D-A4DFA59F56A0}.Debug|ARM.Build.0 = Debug|Any CPU
		{95FA5A2C-19EB-4AB4-962D-A4DFA59F56A0}.Debug|ARM.Deploy.0 = Debug|Any CPU
		{95FA5A2C-19EB-4AB4-962D-A4DFA59F56A0}.Debug|iPhone.ActiveCfg = Debug|Any CPU
		{95FA5A2C-19EB-4AB4-962D-A4DFA59F56A0}.Debug|iPhone.Build.0 = Debug|Any CPU
		{95FA5A2C-19EB-4AB4-962D-A4DFA59F56A0}.Debug|iPhone.Deploy.0 = Debug|Any CPU
		{95FA5A2C-19EB-4AB4-962D-A4DFA59F56A0}.Debug|iPhoneSimulator.ActiveCfg = Debug|Any CPU
		{95FA5A2C-19EB-4AB4-962D-A4DFA59F56A0}.Debug|iPhoneSimulator.Build.0 = Debug|Any CPU
		{95FA5A2C-19EB-4AB4-962D-A4DFA59F56A0}.Debug|iPhoneSimulator.Deploy.0 = Debug|Any CPU
		{95FA5A2C-19EB-4AB4-962D-A4DFA59F56A0}.Debug|x64.ActiveCfg = Debug|Any CPU
		{95FA5A2C-19EB-4AB4-962D-A4DFA59F56A0}.Debug|x64.Build.0 = Debug|Any CPU
		{95FA5A2C-19EB-4AB4-962D-A4DFA59F56A0}.Debug|x64.Deploy.0 = Debug|Any CPU
		{95FA5A2C-19EB-4AB4-962D-A4DFA59F56A0}.Debug|x86.ActiveCfg = Debug|Any CPU
		{95FA5A2C-19EB-4AB4-962D-A4DFA59F56A0}.Debug|x86.Build.0 = Debug|Any CPU
		{95FA5A2C-19EB-4AB4-962D-A4DFA59F56A0}.Debug|x86.Deploy.0 = Debug|Any CPU
		{95FA5A2C-19EB-4AB4-962D-A4DFA59F56A0}.Release|Any CPU.ActiveCfg = Release|Any CPU
		{95FA5A2C-19EB-4AB4-962D-A4DFA59F56A0}.Release|Any CPU.Build.0 = Release|Any CPU
		{95FA5A2C-19EB-4AB4-962D-A4DFA59F56A0}.Release|Any CPU.Deploy.0 = Release|Any CPU
		{95FA5A2C-19EB-4AB4-962D-A4DFA59F56A0}.Release|ARM.ActiveCfg = Release|Any CPU
		{95FA5A2C-19EB-4AB4-962D-A4DFA59F56A0}.Release|ARM.Build.0 = Release|Any CPU
		{95FA5A2C-19EB-4AB4-962D-A4DFA59F56A0}.Release|ARM.Deploy.0 = Release|Any CPU
		{95FA5A2C-19EB-4AB4-962D-A4DFA59F56A0}.Release|iPhone.ActiveCfg = Release|Any CPU
		{95FA5A2C-19EB-4AB4-962D-A4DFA59F56A0}.Release|iPhone.Build.0 = Release|Any CPU
		{95FA5A2C-19EB-4AB4-962D-A4DFA59F56A0}.Release|iPhone.Deploy.0 = Release|Any CPU
		{95FA5A2C-19EB-4AB4-962D-A4DFA59F56A0}.Release|iPhoneSimulator.ActiveCfg = Release|Any CPU
		{95FA5A2C-19EB-4AB4-962D-A4DFA59F56A0}.Release|iPhoneSimulator.Build.0 = Release|Any CPU
		{95FA5A2C-19EB-4AB4-962D-A4DFA59F56A0}.Release|iPhoneSimulator.Deploy.0 = Release|Any CPU
		{95FA5A2C-19EB-4AB4-962D-A4DFA59F56A0}.Release|x64.ActiveCfg = Release|Any CPU
		{95FA5A2C-19EB-4AB4-962D-A4DFA59F56A0}.Release|x64.Build.0 = Release|Any CPU
		{95FA5A2C-19EB-4AB4-962D-A4DFA59F56A0}.Release|x64.Deploy.0 = Release|Any CPU
		{95FA5A2C-19EB-4AB4-962D-A4DFA59F56A0}.Release|x86.ActiveCfg = Release|Any CPU
		{95FA5A2C-19EB-4AB4-962D-A4DFA59F56A0}.Release|x86.Build.0 = Release|Any CPU
		{95FA5A2C-19EB-4AB4-962D-A4DFA59F56A0}.Release|x86.Deploy.0 = Release|Any CPU
	EndGlobalSection
	GlobalSection(SolutionProperties) = preSolution
		HideSolutionNode = FALSE
	EndGlobalSection
	GlobalSection(ExtensibilityGlobals) = postSolution
		SolutionGuid = {8D1BDA4A-2543-4C23-A5EC-97F906492B40}
	EndGlobalSection
EndGlobal
