
Microsoft Visual Studio Solution File, Format Version 12.00
# Visual Studio 15
VisualStudioVersion = 15.0.28307.168
MinimumVisualStudioVersion = 10.0.40219.1
Project("{FAE04EC0-301F-11D3-BF4B-00C04F79EFBC}") = "HalloForms.Android", "HalloForms\HalloForms.Android\HalloForms.Android.csproj", "{A65F5B1D-1061-4001-802C-E586E1CFF386}"
EndProject
Project("{FAE04EC0-301F-11D3-BF4B-00C04F79EFBC}") = "HalloForms.iOS", "HalloForms\HalloForms.iOS\HalloForms.iOS.csproj", "{AF0193C9-D1CC-4698-986B-5D3BEB750B88}"
EndProject
Project("{FAE04EC0-301F-11D3-BF4B-00C04F79EFBC}") = "HalloForms.UWP", "HalloForms\HalloForms.UWP\HalloForms.UWP.csproj", "{F4D6039B-CB3D-4DB6-AF52-3C130E6BD639}"
EndProject
Project("{FAE04EC0-301F-11D3-BF4B-00C04F79EFBC}") = "HalloForms", "HalloForms\HalloForms\HalloForms.csproj", "{28589D01-2072-460F-A23F-6250F9908E3B}"
EndProject
Global
	GlobalSection(SolutionConfigurationPlatforms) = preSolution
		Ad-Hoc|Any CPU = Ad-Hoc|Any CPU
		Ad-Hoc|ARM = Ad-Hoc|ARM
		Ad-Hoc|iPhone = Ad-Hoc|iPhone
		Ad-Hoc|iPhoneSimulator = Ad-Hoc|iPhoneSimulator
		Ad-Hoc|x64 = Ad-Hoc|x64
		Ad-Hoc|x86 = Ad-Hoc|x86
		AppStore|Any CPU = AppStore|Any CPU
		AppStore|ARM = AppStore|ARM
		AppStore|iPhone = AppStore|iPhone
		AppStore|iPhoneSimulator = AppStore|iPhoneSimulator
		AppStore|x64 = AppStore|x64
		AppStore|x86 = AppStore|x86
		Debug|Any CPU = Debug|Any CPU
		Debug|ARM = Debug|ARM
		Debug|iPhone = Debug|iPhone
		Debug|iPhoneSimulator = Debug|iPhoneSimulator
		Debug|x64 = Debug|x64
		Debug|x86 = Debug|x86
		Release|Any CPU = Release|Any CPU
		Release|ARM = Release|ARM
		Release|iPhone = Release|iPhone
		Release|iPhoneSimulator = Release|iPhoneSimulator
		Release|x64 = Release|x64
		Release|x86 = Release|x86
	EndGlobalSection
	GlobalSection(ProjectConfigurationPlatforms) = postSolution
		{A65F5B1D-1061-4001-802C-E586E1CFF386}.Ad-Hoc|Any CPU.ActiveCfg = Release|Any CPU
		{A65F5B1D-1061-4001-802C-E586E1CFF386}.Ad-Hoc|Any CPU.Build.0 = Release|Any CPU
		{A65F5B1D-1061-4001-802C-E586E1CFF386}.Ad-Hoc|Any CPU.Deploy.0 = Release|Any CPU
		{A65F5B1D-1061-4001-802C-E586E1CFF386}.Ad-Hoc|ARM.ActiveCfg = Release|Any CPU
		{A65F5B1D-1061-4001-802C-E586E1CFF386}.Ad-Hoc|ARM.Build.0 = Release|Any CPU
		{A65F5B1D-1061-4001-802C-E586E1CFF386}.Ad-Hoc|ARM.Deploy.0 = Release|Any CPU
		{A65F5B1D-1061-4001-802C-E586E1CFF386}.Ad-Hoc|iPhone.ActiveCfg = Release|Any CPU
		{A65F5B1D-1061-4001-802C-E586E1CFF386}.Ad-Hoc|iPhone.Build.0 = Release|Any CPU
		{A65F5B1D-1061-4001-802C-E586E1CFF386}.Ad-Hoc|iPhone.Deploy.0 = Release|Any CPU
		{A65F5B1D-1061-4001-802C-E586E1CFF386}.Ad-Hoc|iPhoneSimulator.ActiveCfg = Release|Any CPU
		{A65F5B1D-1061-4001-802C-E586E1CFF386}.Ad-Hoc|iPhoneSimulator.Build.0 = Release|Any CPU
		{A65F5B1D-1061-4001-802C-E586E1CFF386}.Ad-Hoc|iPhoneSimulator.Deploy.0 = Release|Any CPU
		{A65F5B1D-1061-4001-802C-E586E1CFF386}.Ad-Hoc|x64.ActiveCfg = Release|Any CPU
		{A65F5B1D-1061-4001-802C-E586E1CFF386}.Ad-Hoc|x64.Build.0 = Release|Any CPU
		{A65F5B1D-1061-4001-802C-E586E1CFF386}.Ad-Hoc|x64.Deploy.0 = Release|Any CPU
		{A65F5B1D-1061-4001-802C-E586E1CFF386}.Ad-Hoc|x86.ActiveCfg = Release|Any CPU
		{A65F5B1D-1061-4001-802C-E586E1CFF386}.Ad-Hoc|x86.Build.0 = Release|Any CPU
		{A65F5B1D-1061-4001-802C-E586E1CFF386}.Ad-Hoc|x86.Deploy.0 = Release|Any CPU
		{A65F5B1D-1061-4001-802C-E586E1CFF386}.AppStore|Any CPU.ActiveCfg = Release|Any CPU
		{A65F5B1D-1061-4001-802C-E586E1CFF386}.AppStore|Any CPU.Build.0 = Release|Any CPU
		{A65F5B1D-1061-4001-802C-E586E1CFF386}.AppStore|Any CPU.Deploy.0 = Release|Any CPU
		{A65F5B1D-1061-4001-802C-E586E1CFF386}.AppStore|ARM.ActiveCfg = Release|Any CPU
		{A65F5B1D-1061-4001-802C-E586E1CFF386}.AppStore|ARM.Build.0 = Release|Any CPU
		{A65F5B1D-1061-4001-802C-E586E1CFF386}.AppStore|ARM.Deploy.0 = Release|Any CPU
		{A65F5B1D-1061-4001-802C-E586E1CFF386}.AppStore|iPhone.ActiveCfg = Release|Any CPU
		{A65F5B1D-1061-4001-802C-E586E1CFF386}.AppStore|iPhone.Build.0 = Release|Any CPU
		{A65F5B1D-1061-4001-802C-E586E1CFF386}.AppStore|iPhone.Deploy.0 = Release|Any CPU
		{A65F5B1D-1061-4001-802C-E586E1CFF386}.AppStore|iPhoneSimulator.ActiveCfg = Release|Any CPU
		{A65F5B1D-1061-4001-802C-E586E1CFF386}.AppStore|iPhoneSimulator.Build.0 = Release|Any CPU
		{A65F5B1D-1061-4001-802C-E586E1CFF386}.AppStore|iPhoneSimulator.Deploy.0 = Release|Any CPU
		{A65F5B1D-1061-4001-802C-E586E1CFF386}.AppStore|x64.ActiveCfg = Release|Any CPU
		{A65F5B1D-1061-4001-802C-E586E1CFF386}.AppStore|x64.Build.0 = Release|Any CPU
		{A65F5B1D-1061-4001-802C-E586E1CFF386}.AppStore|x64.Deploy.0 = Release|Any CPU
		{A65F5B1D-1061-4001-802C-E586E1CFF386}.AppStore|x86.ActiveCfg = Release|Any CPU
		{A65F5B1D-1061-4001-802C-E586E1CFF386}.AppStore|x86.Build.0 = Release|Any CPU
		{A65F5B1D-1061-4001-802C-E586E1CFF386}.AppStore|x86.Deploy.0 = Release|Any CPU
		{A65F5B1D-1061-4001-802C-E586E1CFF386}.Debug|Any CPU.ActiveCfg = Debug|Any CPU
		{A65F5B1D-1061-4001-802C-E586E1CFF386}.Debug|Any CPU.Build.0 = Debug|Any CPU
		{A65F5B1D-1061-4001-802C-E586E1CFF386}.Debug|Any CPU.Deploy.0 = Debug|Any CPU
		{A65F5B1D-1061-4001-802C-E586E1CFF386}.Debug|ARM.ActiveCfg = Debug|Any CPU
		{A65F5B1D-1061-4001-802C-E586E1CFF386}.Debug|ARM.Build.0 = Debug|Any CPU
		{A65F5B1D-1061-4001-802C-E586E1CFF386}.Debug|ARM.Deploy.0 = Debug|Any CPU
		{A65F5B1D-1061-4001-802C-E586E1CFF386}.Debug|iPhone.ActiveCfg = Debug|Any CPU
		{A65F5B1D-1061-4001-802C-E586E1CFF386}.Debug|iPhone.Build.0 = Debug|Any CPU
		{A65F5B1D-1061-4001-802C-E586E1CFF386}.Debug|iPhone.Deploy.0 = Debug|Any CPU
		{A65F5B1D-1061-4001-802C-E586E1CFF386}.Debug|iPhoneSimulator.ActiveCfg = Debug|Any CPU
		{A65F5B1D-1061-4001-802C-E586E1CFF386}.Debug|iPhoneSimulator.Build.0 = Debug|Any CPU
		{A65F5B1D-1061-4001-802C-E586E1CFF386}.Debug|iPhoneSimulator.Deploy.0 = Debug|Any CPU
		{A65F5B1D-1061-4001-802C-E586E1CFF386}.Debug|x64.ActiveCfg = Debug|Any CPU
		{A65F5B1D-1061-4001-802C-E586E1CFF386}.Debug|x64.Build.0 = Debug|Any CPU
		{A65F5B1D-1061-4001-802C-E586E1CFF386}.Debug|x64.Deploy.0 = Debug|Any CPU
		{A65F5B1D-1061-4001-802C-E586E1CFF386}.Debug|x86.ActiveCfg = Debug|Any CPU
		{A65F5B1D-1061-4001-802C-E586E1CFF386}.Debug|x86.Build.0 = Debug|Any CPU
		{A65F5B1D-1061-4001-802C-E586E1CFF386}.Debug|x86.Deploy.0 = Debug|Any CPU
		{A65F5B1D-1061-4001-802C-E586E1CFF386}.Release|Any CPU.ActiveCfg = Release|Any CPU
		{A65F5B1D-1061-4001-802C-E586E1CFF386}.Release|Any CPU.Build.0 = Release|Any CPU
		{A65F5B1D-1061-4001-802C-E586E1CFF386}.Release|Any CPU.Deploy.0 = Release|Any CPU
		{A65F5B1D-1061-4001-802C-E586E1CFF386}.Release|ARM.ActiveCfg = Release|Any CPU
		{A65F5B1D-1061-4001-802C-E586E1CFF386}.Release|ARM.Build.0 = Release|Any CPU
		{A65F5B1D-1061-4001-802C-E586E1CFF386}.Release|ARM.Deploy.0 = Release|Any CPU
		{A65F5B1D-1061-4001-802C-E586E1CFF386}.Release|iPhone.ActiveCfg = Release|Any CPU
		{A65F5B1D-1061-4001-802C-E586E1CFF386}.Release|iPhone.Build.0 = Release|Any CPU
		{A65F5B1D-1061-4001-802C-E586E1CFF386}.Release|iPhone.Deploy.0 = Release|Any CPU
		{A65F5B1D-1061-4001-802C-E586E1CFF386}.Release|iPhoneSimulator.ActiveCfg = Release|Any CPU
		{A65F5B1D-1061-4001-802C-E586E1CFF386}.Release|iPhoneSimulator.Build.0 = Release|Any CPU
		{A65F5B1D-1061-4001-802C-E586E1CFF386}.Release|iPhoneSimulator.Deploy.0 = Release|Any CPU
		{A65F5B1D-1061-4001-802C-E586E1CFF386}.Release|x64.ActiveCfg = Release|Any CPU
		{A65F5B1D-1061-4001-802C-E586E1CFF386}.Release|x64.Build.0 = Release|Any CPU
		{A65F5B1D-1061-4001-802C-E586E1CFF386}.Release|x64.Deploy.0 = Release|Any CPU
		{A65F5B1D-1061-4001-802C-E586E1CFF386}.Release|x86.ActiveCfg = Release|Any CPU
		{A65F5B1D-1061-4001-802C-E586E1CFF386}.Release|x86.Build.0 = Release|Any CPU
		{A65F5B1D-1061-4001-802C-E586E1CFF386}.Release|x86.Deploy.0 = Release|Any CPU
		{AF0193C9-D1CC-4698-986B-5D3BEB750B88}.Ad-Hoc|Any CPU.ActiveCfg = Ad-Hoc|iPhone
		{AF0193C9-D1CC-4698-986B-5D3BEB750B88}.Ad-Hoc|Any CPU.Build.0 = Ad-Hoc|iPhone
		{AF0193C9-D1CC-4698-986B-5D3BEB750B88}.Ad-Hoc|Any CPU.Deploy.0 = Ad-Hoc|iPhone
		{AF0193C9-D1CC-4698-986B-5D3BEB750B88}.Ad-Hoc|ARM.ActiveCfg = Ad-Hoc|iPhone
		{AF0193C9-D1CC-4698-986B-5D3BEB750B88}.Ad-Hoc|ARM.Build.0 = Ad-Hoc|iPhone
		{AF0193C9-D1CC-4698-986B-5D3BEB750B88}.Ad-Hoc|ARM.Deploy.0 = Ad-Hoc|iPhone
		{AF0193C9-D1CC-4698-986B-5D3BEB750B88}.Ad-Hoc|iPhone.ActiveCfg = Ad-Hoc|iPhone
		{AF0193C9-D1CC-4698-986B-5D3BEB750B88}.Ad-Hoc|iPhone.Build.0 = Ad-Hoc|iPhone
		{AF0193C9-D1CC-4698-986B-5D3BEB750B88}.Ad-Hoc|iPhone.Deploy.0 = Ad-Hoc|iPhone
		{AF0193C9-D1CC-4698-986B-5D3BEB750B88}.Ad-Hoc|iPhoneSimulator.ActiveCfg = Ad-Hoc|iPhoneSimulator
		{AF0193C9-D1CC-4698-986B-5D3BEB750B88}.Ad-Hoc|iPhoneSimulator.Build.0 = Ad-Hoc|iPhoneSimulator
		{AF0193C9-D1CC-4698-986B-5D3BEB750B88}.Ad-Hoc|iPhoneSimulator.Deploy.0 = Ad-Hoc|iPhoneSimulator
		{AF0193C9-D1CC-4698-986B-5D3BEB750B88}.Ad-Hoc|x64.ActiveCfg = Ad-Hoc|iPhone
		{AF0193C9-D1CC-4698-986B-5D3BEB750B88}.Ad-Hoc|x64.Build.0 = Ad-Hoc|iPhone
		{AF0193C9-D1CC-4698-986B-5D3BEB750B88}.Ad-Hoc|x64.Deploy.0 = Ad-Hoc|iPhone
		{AF0193C9-D1CC-4698-986B-5D3BEB750B88}.Ad-Hoc|x86.ActiveCfg = Ad-Hoc|iPhone
		{AF0193C9-D1CC-4698-986B-5D3BEB750B88}.Ad-Hoc|x86.Build.0 = Ad-Hoc|iPhone
		{AF0193C9-D1CC-4698-986B-5D3BEB750B88}.Ad-Hoc|x86.Deploy.0 = Ad-Hoc|iPhone
		{AF0193C9-D1CC-4698-986B-5D3BEB750B88}.AppStore|Any CPU.ActiveCfg = AppStore|iPhone
		{AF0193C9-D1CC-4698-986B-5D3BEB750B88}.AppStore|Any CPU.Build.0 = AppStore|iPhone
		{AF0193C9-D1CC-4698-986B-5D3BEB750B88}.AppStore|Any CPU.Deploy.0 = AppStore|iPhone
		{AF0193C9-D1CC-4698-986B-5D3BEB750B88}.AppStore|ARM.ActiveCfg = AppStore|iPhone
		{AF0193C9-D1CC-4698-986B-5D3BEB750B88}.AppStore|ARM.Build.0 = AppStore|iPhone
		{AF0193C9-D1CC-4698-986B-5D3BEB750B88}.AppStore|ARM.Deploy.0 = AppStore|iPhone
		{AF0193C9-D1CC-4698-986B-5D3BEB750B88}.AppStore|iPhone.ActiveCfg = AppStore|iPhone
		{AF0193C9-D1CC-4698-986B-5D3BEB750B88}.AppStore|iPhone.Build.0 = AppStore|iPhone
		{AF0193C9-D1CC-4698-986B-5D3BEB750B88}.AppStore|iPhone.Deploy.0 = AppStore|iPhone
		{AF0193C9-D1CC-4698-986B-5D3BEB750B88}.AppStore|iPhoneSimulator.ActiveCfg = AppStore|iPhoneSimulator
		{AF0193C9-D1CC-4698-986B-5D3BEB750B88}.AppStore|iPhoneSimulator.Build.0 = AppStore|iPhoneSimulator
		{AF0193C9-D1CC-4698-986B-5D3BEB750B88}.AppStore|iPhoneSimulator.Deploy.0 = AppStore|iPhoneSimulator
		{AF0193C9-D1CC-4698-986B-5D3BEB750B88}.AppStore|x64.ActiveCfg = AppStore|iPhone
		{AF0193C9-D1CC-4698-986B-5D3BEB750B88}.AppStore|x64.Build.0 = AppStore|iPhone
		{AF0193C9-D1CC-4698-986B-5D3BEB750B88}.AppStore|x64.Deploy.0 = AppStore|iPhone
		{AF0193C9-D1CC-4698-986B-5D3BEB750B88}.AppStore|x86.ActiveCfg = AppStore|iPhone
		{AF0193C9-D1CC-4698-986B-5D3BEB750B88}.AppStore|x86.Build.0 = AppStore|iPhone
		{AF0193C9-D1CC-4698-986B-5D3BEB750B88}.AppStore|x86.Deploy.0 = AppStore|iPhone
		{AF0193C9-D1CC-4698-986B-5D3BEB750B88}.Debug|Any CPU.ActiveCfg = Debug|iPhoneSimulator
		{AF0193C9-D1CC-4698-986B-5D3BEB750B88}.Debug|Any CPU.Build.0 = Debug|iPhoneSimulator
		{AF0193C9-D1CC-4698-986B-5D3BEB750B88}.Debug|Any CPU.Deploy.0 = Debug|iPhoneSimulator
		{AF0193C9-D1CC-4698-986B-5D3BEB750B88}.Debug|ARM.ActiveCfg = Debug|iPhone
		{AF0193C9-D1CC-4698-986B-5D3BEB750B88}.Debug|ARM.Build.0 = Debug|iPhone
		{AF0193C9-D1CC-4698-986B-5D3BEB750B88}.Debug|ARM.Deploy.0 = Debug|iPhone
		{AF0193C9-D1CC-4698-986B-5D3BEB750B88}.Debug|iPhone.ActiveCfg = Debug|iPhone
		{AF0193C9-D1CC-4698-986B-5D3BEB750B88}.Debug|iPhone.Build.0 = Debug|iPhone
		{AF0193C9-D1CC-4698-986B-5D3BEB750B88}.Debug|iPhone.Deploy.0 = Debug|iPhone
		{AF0193C9-D1CC-4698-986B-5D3BEB750B88}.Debug|iPhoneSimulator.ActiveCfg = Debug|iPhoneSimulator
		{AF0193C9-D1CC-4698-986B-5D3BEB750B88}.Debug|iPhoneSimulator.Build.0 = Debug|iPhoneSimulator
		{AF0193C9-D1CC-4698-986B-5D3BEB750B88}.Debug|iPhoneSimulator.Deploy.0 = Debug|iPhoneSimulator
		{AF0193C9-D1CC-4698-986B-5D3BEB750B88}.Debug|x64.ActiveCfg = Debug|iPhone
		{AF0193C9-D1CC-4698-986B-5D3BEB750B88}.Debug|x64.Build.0 = Debug|iPhone
		{AF0193C9-D1CC-4698-986B-5D3BEB750B88}.Debug|x64.Deploy.0 = Debug|iPhone
		{AF0193C9-D1CC-4698-986B-5D3BEB750B88}.Debug|x86.ActiveCfg = Debug|iPhone
		{AF0193C9-D1CC-4698-986B-5D3BEB750B88}.Debug|x86.Build.0 = Debug|iPhone
		{AF0193C9-D1CC-4698-986B-5D3BEB750B88}.Debug|x86.Deploy.0 = Debug|iPhone
		{AF0193C9-D1CC-4698-986B-5D3BEB750B88}.Release|Any CPU.ActiveCfg = Release|iPhone
		{AF0193C9-D1CC-4698-986B-5D3BEB750B88}.Release|Any CPU.Build.0 = Release|iPhone
		{AF0193C9-D1CC-4698-986B-5D3BEB750B88}.Release|Any CPU.Deploy.0 = Release|iPhone
		{AF0193C9-D1CC-4698-986B-5D3BEB750B88}.Release|ARM.ActiveCfg = Release|iPhone
		{AF0193C9-D1CC-4698-986B-5D3BEB750B88}.Release|ARM.Build.0 = Release|iPhone
		{AF0193C9-D1CC-4698-986B-5D3BEB750B88}.Release|ARM.Deploy.0 = Release|iPhone
		{AF0193C9-D1CC-4698-986B-5D3BEB750B88}.Release|iPhone.ActiveCfg = Release|iPhone
		{AF0193C9-D1CC-4698-986B-5D3BEB750B88}.Release|iPhone.Build.0 = Release|iPhone
		{AF0193C9-D1CC-4698-986B-5D3BEB750B88}.Release|iPhone.Deploy.0 = Release|iPhone
		{AF0193C9-D1CC-4698-986B-5D3BEB750B88}.Release|iPhoneSimulator.ActiveCfg = Release|iPhoneSimulator
		{AF0193C9-D1CC-4698-986B-5D3BEB750B88}.Release|iPhoneSimulator.Build.0 = Release|iPhoneSimulator
		{AF0193C9-D1CC-4698-986B-5D3BEB750B88}.Release|iPhoneSimulator.Deploy.0 = Release|iPhoneSimulator
		{AF0193C9-D1CC-4698-986B-5D3BEB750B88}.Release|x64.ActiveCfg = Release|iPhone
		{AF0193C9-D1CC-4698-986B-5D3BEB750B88}.Release|x64.Build.0 = Release|iPhone
		{AF0193C9-D1CC-4698-986B-5D3BEB750B88}.Release|x64.Deploy.0 = Release|iPhone
		{AF0193C9-D1CC-4698-986B-5D3BEB750B88}.Release|x86.ActiveCfg = Release|iPhone
		{AF0193C9-D1CC-4698-986B-5D3BEB750B88}.Release|x86.Build.0 = Release|iPhone
		{AF0193C9-D1CC-4698-986B-5D3BEB750B88}.Release|x86.Deploy.0 = Release|iPhone
		{F4D6039B-CB3D-4DB6-AF52-3C130E6BD639}.Ad-Hoc|Any CPU.ActiveCfg = Release|x86
		{F4D6039B-CB3D-4DB6-AF52-3C130E6BD639}.Ad-Hoc|Any CPU.Build.0 = Release|x86
		{F4D6039B-CB3D-4DB6-AF52-3C130E6BD639}.Ad-Hoc|Any CPU.Deploy.0 = Release|x86
		{F4D6039B-CB3D-4DB6-AF52-3C130E6BD639}.Ad-Hoc|ARM.ActiveCfg = Release|ARM
		{F4D6039B-CB3D-4DB6-AF52-3C130E6BD639}.Ad-Hoc|ARM.Build.0 = Release|ARM
		{F4D6039B-CB3D-4DB6-AF52-3C130E6BD639}.Ad-Hoc|ARM.Deploy.0 = Release|ARM
		{F4D6039B-CB3D-4DB6-AF52-3C130E6BD639}.Ad-Hoc|iPhone.ActiveCfg = Release|x86
		{F4D6039B-CB3D-4DB6-AF52-3C130E6BD639}.Ad-Hoc|iPhone.Build.0 = Release|x86
		{F4D6039B-CB3D-4DB6-AF52-3C130E6BD639}.Ad-Hoc|iPhone.Deploy.0 = Release|x86
		{F4D6039B-CB3D-4DB6-AF52-3C130E6BD639}.Ad-Hoc|iPhoneSimulator.ActiveCfg = Release|x86
		{F4D6039B-CB3D-4DB6-AF52-3C130E6BD639}.Ad-Hoc|iPhoneSimulator.Build.0 = Release|x86
		{F4D6039B-CB3D-4DB6-AF52-3C130E6BD639}.Ad-Hoc|iPhoneSimulator.Deploy.0 = Release|x86
		{F4D6039B-CB3D-4DB6-AF52-3C130E6BD639}.Ad-Hoc|x64.ActiveCfg = Release|x64
		{F4D6039B-CB3D-4DB6-AF52-3C130E6BD639}.Ad-Hoc|x64.Build.0 = Release|x64
		{F4D6039B-CB3D-4DB6-AF52-3C130E6BD639}.Ad-Hoc|x64.Deploy.0 = Release|x64
		{F4D6039B-CB3D-4DB6-AF52-3C130E6BD639}.Ad-Hoc|x86.ActiveCfg = Release|x86
		{F4D6039B-CB3D-4DB6-AF52-3C130E6BD639}.Ad-Hoc|x86.Build.0 = Release|x86
		{F4D6039B-CB3D-4DB6-AF52-3C130E6BD639}.Ad-Hoc|x86.Deploy.0 = Release|x86
		{F4D6039B-CB3D-4DB6-AF52-3C130E6BD639}.AppStore|Any CPU.ActiveCfg = Release|x86
		{F4D6039B-CB3D-4DB6-AF52-3C130E6BD639}.AppStore|Any CPU.Build.0 = Release|x86
		{F4D6039B-CB3D-4DB6-AF52-3C130E6BD639}.AppStore|Any CPU.Deploy.0 = Release|x86
		{F4D6039B-CB3D-4DB6-AF52-3C130E6BD639}.AppStore|ARM.ActiveCfg = Release|ARM
		{F4D6039B-CB3D-4DB6-AF52-3C130E6BD639}.AppStore|ARM.Build.0 = Release|ARM
		{F4D6039B-CB3D-4DB6-AF52-3C130E6BD639}.AppStore|ARM.Deploy.0 = Release|ARM
		{F4D6039B-CB3D-4DB6-AF52-3C130E6BD639}.AppStore|iPhone.ActiveCfg = Release|x86
		{F4D6039B-CB3D-4DB6-AF52-3C130E6BD639}.AppStore|iPhone.Build.0 = Release|x86
		{F4D6039B-CB3D-4DB6-AF52-3C130E6BD639}.AppStore|iPhone.Deploy.0 = Release|x86
		{F4D6039B-CB3D-4DB6-AF52-3C130E6BD639}.AppStore|iPhoneSimulator.ActiveCfg = Release|x86
		{F4D6039B-CB3D-4DB6-AF52-3C130E6BD639}.AppStore|iPhoneSimulator.Build.0 = Release|x86
		{F4D6039B-CB3D-4DB6-AF52-3C130E6BD639}.AppStore|iPhoneSimulator.Deploy.0 = Release|x86
		{F4D6039B-CB3D-4DB6-AF52-3C130E6BD639}.AppStore|x64.ActiveCfg = Release|x64
		{F4D6039B-CB3D-4DB6-AF52-3C130E6BD639}.AppStore|x64.Build.0 = Release|x64
		{F4D6039B-CB3D-4DB6-AF52-3C130E6BD639}.AppStore|x64.Deploy.0 = Release|x64
		{F4D6039B-CB3D-4DB6-AF52-3C130E6BD639}.AppStore|x86.ActiveCfg = Release|x86
		{F4D6039B-CB3D-4DB6-AF52-3C130E6BD639}.AppStore|x86.Build.0 = Release|x86
		{F4D6039B-CB3D-4DB6-AF52-3C130E6BD639}.AppStore|x86.Deploy.0 = Release|x86
		{F4D6039B-CB3D-4DB6-AF52-3C130E6BD639}.Debug|Any CPU.ActiveCfg = Debug|x86
		{F4D6039B-CB3D-4DB6-AF52-3C130E6BD639}.Debug|Any CPU.Build.0 = Debug|x86
		{F4D6039B-CB3D-4DB6-AF52-3C130E6BD639}.Debug|Any CPU.Deploy.0 = Debug|x86
		{F4D6039B-CB3D-4DB6-AF52-3C130E6BD639}.Debug|ARM.ActiveCfg = Debug|ARM
		{F4D6039B-CB3D-4DB6-AF52-3C130E6BD639}.Debug|ARM.Build.0 = Debug|ARM
		{F4D6039B-CB3D-4DB6-AF52-3C130E6BD639}.Debug|ARM.Deploy.0 = Debug|ARM
		{F4D6039B-CB3D-4DB6-AF52-3C130E6BD639}.Debug|iPhone.ActiveCfg = Debug|x86
		{F4D6039B-CB3D-4DB6-AF52-3C130E6BD639}.Debug|iPhone.Build.0 = Debug|x86
		{F4D6039B-CB3D-4DB6-AF52-3C130E6BD639}.Debug|iPhone.Deploy.0 = Debug|x86
		{F4D6039B-CB3D-4DB6-AF52-3C130E6BD639}.Debug|iPhoneSimulator.ActiveCfg = Debug|x86
		{F4D6039B-CB3D-4DB6-AF52-3C130E6BD639}.Debug|iPhoneSimulator.Build.0 = Debug|x86
		{F4D6039B-CB3D-4DB6-AF52-3C130E6BD639}.Debug|iPhoneSimulator.Deploy.0 = Debug|x86
		{F4D6039B-CB3D-4DB6-AF52-3C130E6BD639}.Debug|x64.ActiveCfg = Debug|x64
		{F4D6039B-CB3D-4DB6-AF52-3C130E6BD639}.Debug|x64.Build.0 = Debug|x64
		{F4D6039B-CB3D-4DB6-AF52-3C130E6BD639}.Debug|x64.Deploy.0 = Debug|x64
		{F4D6039B-CB3D-4DB6-AF52-3C130E6BD639}.Debug|x86.ActiveCfg = Debug|x86
		{F4D6039B-CB3D-4DB6-AF52-3C130E6BD639}.Debug|x86.Build.0 = Debug|x86
		{F4D6039B-CB3D-4DB6-AF52-3C130E6BD639}.Debug|x86.Deploy.0 = Debug|x86
		{F4D6039B-CB3D-4DB6-AF52-3C130E6BD639}.Release|Any CPU.ActiveCfg = Release|x86
		{F4D6039B-CB3D-4DB6-AF52-3C130E6BD639}.Release|Any CPU.Build.0 = Release|x86
		{F4D6039B-CB3D-4DB6-AF52-3C130E6BD639}.Release|Any CPU.Deploy.0 = Release|x86
		{F4D6039B-CB3D-4DB6-AF52-3C130E6BD639}.Release|ARM.ActiveCfg = Release|ARM
		{F4D6039B-CB3D-4DB6-AF52-3C130E6BD639}.Release|ARM.Build.0 = Release|ARM
		{F4D6039B-CB3D-4DB6-AF52-3C130E6BD639}.Release|ARM.Deploy.0 = Release|ARM
		{F4D6039B-CB3D-4DB6-AF52-3C130E6BD639}.Release|iPhone.ActiveCfg = Release|x86
		{F4D6039B-CB3D-4DB6-AF52-3C130E6BD639}.Release|iPhone.Build.0 = Release|x86
		{F4D6039B-CB3D-4DB6-AF52-3C130E6BD639}.Release|iPhone.Deploy.0 = Release|x86
		{F4D6039B-CB3D-4DB6-AF52-3C130E6BD639}.Release|iPhoneSimulator.ActiveCfg = Release|x86
		{F4D6039B-CB3D-4DB6-AF52-3C130E6BD639}.Release|iPhoneSimulator.Build.0 = Release|x86
		{F4D6039B-CB3D-4DB6-AF52-3C130E6BD639}.Release|iPhoneSimulator.Deploy.0 = Release|x86
		{F4D6039B-CB3D-4DB6-AF52-3C130E6BD639}.Release|x64.ActiveCfg = Release|x64
		{F4D6039B-CB3D-4DB6-AF52-3C130E6BD639}.Release|x64.Build.0 = Release|x64
		{F4D6039B-CB3D-4DB6-AF52-3C130E6BD639}.Release|x64.Deploy.0 = Release|x64
		{F4D6039B-CB3D-4DB6-AF52-3C130E6BD639}.Release|x86.ActiveCfg = Release|x86
		{F4D6039B-CB3D-4DB6-AF52-3C130E6BD639}.Release|x86.Build.0 = Release|x86
		{F4D6039B-CB3D-4DB6-AF52-3C130E6BD639}.Release|x86.Deploy.0 = Release|x86
		{28589D01-2072-460F-A23F-6250F9908E3B}.Ad-Hoc|Any CPU.ActiveCfg = Debug|Any CPU
		{28589D01-2072-460F-A23F-6250F9908E3B}.Ad-Hoc|Any CPU.Build.0 = Debug|Any CPU
		{28589D01-2072-460F-A23F-6250F9908E3B}.Ad-Hoc|Any CPU.Deploy.0 = Debug|Any CPU
		{28589D01-2072-460F-A23F-6250F9908E3B}.Ad-Hoc|ARM.ActiveCfg = Debug|Any CPU
		{28589D01-2072-460F-A23F-6250F9908E3B}.Ad-Hoc|ARM.Build.0 = Debug|Any CPU
		{28589D01-2072-460F-A23F-6250F9908E3B}.Ad-Hoc|ARM.Deploy.0 = Debug|Any CPU
		{28589D01-2072-460F-A23F-6250F9908E3B}.Ad-Hoc|iPhone.ActiveCfg = Debug|Any CPU
		{28589D01-2072-460F-A23F-6250F9908E3B}.Ad-Hoc|iPhone.Build.0 = Debug|Any CPU
		{28589D01-2072-460F-A23F-6250F9908E3B}.Ad-Hoc|iPhone.Deploy.0 = Debug|Any CPU
		{28589D01-2072-460F-A23F-6250F9908E3B}.Ad-Hoc|iPhoneSimulator.ActiveCfg = Debug|Any CPU
		{28589D01-2072-460F-A23F-6250F9908E3B}.Ad-Hoc|iPhoneSimulator.Build.0 = Debug|Any CPU
		{28589D01-2072-460F-A23F-6250F9908E3B}.Ad-Hoc|iPhoneSimulator.Deploy.0 = Debug|Any CPU
		{28589D01-2072-460F-A23F-6250F9908E3B}.Ad-Hoc|x64.ActiveCfg = Debug|Any CPU
		{28589D01-2072-460F-A23F-6250F9908E3B}.Ad-Hoc|x64.Build.0 = Debug|Any CPU
		{28589D01-2072-460F-A23F-6250F9908E3B}.Ad-Hoc|x64.Deploy.0 = Debug|Any CPU
		{28589D01-2072-460F-A23F-6250F9908E3B}.Ad-Hoc|x86.ActiveCfg = Debug|Any CPU
		{28589D01-2072-460F-A23F-6250F9908E3B}.Ad-Hoc|x86.Build.0 = Debug|Any CPU
		{28589D01-2072-460F-A23F-6250F9908E3B}.Ad-Hoc|x86.Deploy.0 = Debug|Any CPU
		{28589D01-2072-460F-A23F-6250F9908E3B}.AppStore|Any CPU.ActiveCfg = Debug|Any CPU
		{28589D01-2072-460F-A23F-6250F9908E3B}.AppStore|Any CPU.Build.0 = Debug|Any CPU
		{28589D01-2072-460F-A23F-6250F9908E3B}.AppStore|Any CPU.Deploy.0 = Debug|Any CPU
		{28589D01-2072-460F-A23F-6250F9908E3B}.AppStore|ARM.ActiveCfg = Debug|Any CPU
		{28589D01-2072-460F-A23F-6250F9908E3B}.AppStore|ARM.Build.0 = Debug|Any CPU
		{28589D01-2072-460F-A23F-6250F9908E3B}.AppStore|ARM.Deploy.0 = Debug|Any CPU
		{28589D01-2072-460F-A23F-6250F9908E3B}.AppStore|iPhone.ActiveCfg = Debug|Any CPU
		{28589D01-2072-460F-A23F-6250F9908E3B}.AppStore|iPhone.Build.0 = Debug|Any CPU
		{28589D01-2072-460F-A23F-6250F9908E3B}.AppStore|iPhone.Deploy.0 = Debug|Any CPU
		{28589D01-2072-460F-A23F-6250F9908E3B}.AppStore|iPhoneSimulator.ActiveCfg = Debug|Any CPU
		{28589D01-2072-460F-A23F-6250F9908E3B}.AppStore|iPhoneSimulator.Build.0 = Debug|Any CPU
		{28589D01-2072-460F-A23F-6250F9908E3B}.AppStore|iPhoneSimulator.Deploy.0 = Debug|Any CPU
		{28589D01-2072-460F-A23F-6250F9908E3B}.AppStore|x64.ActiveCfg = Debug|Any CPU
		{28589D01-2072-460F-A23F-6250F9908E3B}.AppStore|x64.Build.0 = Debug|Any CPU
		{28589D01-2072-460F-A23F-6250F9908E3B}.AppStore|x64.Deploy.0 = Debug|Any CPU
		{28589D01-2072-460F-A23F-6250F9908E3B}.AppStore|x86.ActiveCfg = Debug|Any CPU
		{28589D01-2072-460F-A23F-6250F9908E3B}.AppStore|x86.Build.0 = Debug|Any CPU
		{28589D01-2072-460F-A23F-6250F9908E3B}.AppStore|x86.Deploy.0 = Debug|Any CPU
		{28589D01-2072-460F-A23F-6250F9908E3B}.Debug|Any CPU.ActiveCfg = Debug|Any CPU
		{28589D01-2072-460F-A23F-6250F9908E3B}.Debug|Any CPU.Build.0 = Debug|Any CPU
		{28589D01-2072-460F-A23F-6250F9908E3B}.Debug|Any CPU.Deploy.0 = Debug|Any CPU
		{28589D01-2072-460F-A23F-6250F9908E3B}.Debug|ARM.ActiveCfg = Debug|Any CPU
		{28589D01-2072-460F-A23F-6250F9908E3B}.Debug|ARM.Build.0 = Debug|Any CPU
		{28589D01-2072-460F-A23F-6250F9908E3B}.Debug|ARM.Deploy.0 = Debug|Any CPU
		{28589D01-2072-460F-A23F-6250F9908E3B}.Debug|iPhone.ActiveCfg = Debug|Any CPU
		{28589D01-2072-460F-A23F-6250F9908E3B}.Debug|iPhone.Build.0 = Debug|Any CPU
		{28589D01-2072-460F-A23F-6250F9908E3B}.Debug|iPhone.Deploy.0 = Debug|Any CPU
		{28589D01-2072-460F-A23F-6250F9908E3B}.Debug|iPhoneSimulator.ActiveCfg = Debug|Any CPU
		{28589D01-2072-460F-A23F-6250F9908E3B}.Debug|iPhoneSimulator.Build.0 = Debug|Any CPU
		{28589D01-2072-460F-A23F-6250F9908E3B}.Debug|iPhoneSimulator.Deploy.0 = Debug|Any CPU
		{28589D01-2072-460F-A23F-6250F9908E3B}.Debug|x64.ActiveCfg = Debug|Any CPU
		{28589D01-2072-460F-A23F-6250F9908E3B}.Debug|x64.Build.0 = Debug|Any CPU
		{28589D01-2072-460F-A23F-6250F9908E3B}.Debug|x64.Deploy.0 = Debug|Any CPU
		{28589D01-2072-460F-A23F-6250F9908E3B}.Debug|x86.ActiveCfg = Debug|Any CPU
		{28589D01-2072-460F-A23F-6250F9908E3B}.Debug|x86.Build.0 = Debug|Any CPU
		{28589D01-2072-460F-A23F-6250F9908E3B}.Debug|x86.Deploy.0 = Debug|Any CPU
		{28589D01-2072-460F-A23F-6250F9908E3B}.Release|Any CPU.ActiveCfg = Release|Any CPU
		{28589D01-2072-460F-A23F-6250F9908E3B}.Release|Any CPU.Build.0 = Release|Any CPU
		{28589D01-2072-460F-A23F-6250F9908E3B}.Release|Any CPU.Deploy.0 = Release|Any CPU
		{28589D01-2072-460F-A23F-6250F9908E3B}.Release|ARM.ActiveCfg = Release|Any CPU
		{28589D01-2072-460F-A23F-6250F9908E3B}.Release|ARM.Build.0 = Release|Any CPU
		{28589D01-2072-460F-A23F-6250F9908E3B}.Release|ARM.Deploy.0 = Release|Any CPU
		{28589D01-2072-460F-A23F-6250F9908E3B}.Release|iPhone.ActiveCfg = Release|Any CPU
		{28589D01-2072-460F-A23F-6250F9908E3B}.Release|iPhone.Build.0 = Release|Any CPU
		{28589D01-2072-460F-A23F-6250F9908E3B}.Release|iPhone.Deploy.0 = Release|Any CPU
		{28589D01-2072-460F-A23F-6250F9908E3B}.Release|iPhoneSimulator.ActiveCfg = Release|Any CPU
		{28589D01-2072-460F-A23F-6250F9908E3B}.Release|iPhoneSimulator.Build.0 = Release|Any CPU
		{28589D01-2072-460F-A23F-6250F9908E3B}.Release|iPhoneSimulator.Deploy.0 = Release|Any CPU
		{28589D01-2072-460F-A23F-6250F9908E3B}.Release|x64.ActiveCfg = Release|Any CPU
		{28589D01-2072-460F-A23F-6250F9908E3B}.Release|x64.Build.0 = Release|Any CPU
		{28589D01-2072-460F-A23F-6250F9908E3B}.Release|x64.Deploy.0 = Release|Any CPU
		{28589D01-2072-460F-A23F-6250F9908E3B}.Release|x86.ActiveCfg = Release|Any CPU
		{28589D01-2072-460F-A23F-6250F9908E3B}.Release|x86.Build.0 = Release|Any CPU
		{28589D01-2072-460F-A23F-6250F9908E3B}.Release|x86.Deploy.0 = Release|Any CPU
	EndGlobalSection
	GlobalSection(SolutionProperties) = preSolution
		HideSolutionNode = FALSE
	EndGlobalSection
	GlobalSection(ExtensibilityGlobals) = postSolution
		SolutionGuid = {DA4109CA-EF03-4F0E-B53D-DE5682D8DC27}
	EndGlobalSection
EndGlobal
