
Microsoft Visual Studio Solution File, Format Version 12.00
# Visual Studio 15
VisualStudioVersion = 15.0.28307.168
MinimumVisualStudioVersion = 10.0.40219.1
Project("{FAE04EC0-301F-11D3-BF4B-00C04F79EFBC}") = "Image_Demo.Android", "Image_Demo\Image_Demo.Android\Image_Demo.Android.csproj", "{AF9E5FEB-F524-4190-AB67-A57A96B37880}"
EndProject
Project("{FAE04EC0-301F-11D3-BF4B-00C04F79EFBC}") = "Image_Demo.iOS", "Image_Demo\Image_Demo.iOS\Image_Demo.iOS.csproj", "{56321EC4-3061-4EEE-AD75-C6D950CD8250}"
EndProject
Project("{FAE04EC0-301F-11D3-BF4B-00C04F79EFBC}") = "Image_Demo.UWP", "Image_Demo\Image_Demo.UWP\Image_Demo.UWP.csproj", "{8FEC33BC-F4C3-4BC4-93C2-821E8F72D8F2}"
EndProject
Project("{FAE04EC0-301F-11D3-BF4B-00C04F79EFBC}") = "Image_Demo", "Image_Demo\Image_Demo\Image_Demo.csproj", "{AD55C11B-D217-43C0-AFA9-70E51A70ACAE}"
EndProject
Global
	GlobalSection(SolutionConfigurationPlatforms) = preSolution
		Ad-Hoc|Any CPU = Ad-Hoc|Any CPU
		Ad-Hoc|ARM = Ad-Hoc|ARM
		Ad-Hoc|iPhone = Ad-Hoc|iPhone
		Ad-Hoc|iPhoneSimulator = Ad-Hoc|iPhoneSimulator
		Ad-Hoc|x64 = Ad-Hoc|x64
		Ad-Hoc|x86 = Ad-Hoc|x86
		AppStore|Any CPU = AppStore|Any CPU
		AppStore|ARM = AppStore|ARM
		AppStore|iPhone = AppStore|iPhone
		AppStore|iPhoneSimulator = AppStore|iPhoneSimulator
		AppStore|x64 = AppStore|x64
		AppStore|x86 = AppStore|x86
		Debug|Any CPU = Debug|Any CPU
		Debug|ARM = Debug|ARM
		Debug|iPhone = Debug|iPhone
		Debug|iPhoneSimulator = Debug|iPhoneSimulator
		Debug|x64 = Debug|x64
		Debug|x86 = Debug|x86
		Release|Any CPU = Release|Any CPU
		Release|ARM = Release|ARM
		Release|iPhone = Release|iPhone
		Release|iPhoneSimulator = Release|iPhoneSimulator
		Release|x64 = Release|x64
		Release|x86 = Release|x86
	EndGlobalSection
	GlobalSection(ProjectConfigurationPlatforms) = postSolution
		{AF9E5FEB-F524-4190-AB67-A57A96B37880}.Ad-Hoc|Any CPU.ActiveCfg = Release|Any CPU
		{AF9E5FEB-F524-4190-AB67-A57A96B37880}.Ad-Hoc|Any CPU.Build.0 = Release|Any CPU
		{AF9E5FEB-F524-4190-AB67-A57A96B37880}.Ad-Hoc|Any CPU.Deploy.0 = Release|Any CPU
		{AF9E5FEB-F524-4190-AB67-A57A96B37880}.Ad-Hoc|ARM.ActiveCfg = Release|Any CPU
		{AF9E5FEB-F524-4190-AB67-A57A96B37880}.Ad-Hoc|ARM.Build.0 = Release|Any CPU
		{AF9E5FEB-F524-4190-AB67-A57A96B37880}.Ad-Hoc|ARM.Deploy.0 = Release|Any CPU
		{AF9E5FEB-F524-4190-AB67-A57A96B37880}.Ad-Hoc|iPhone.ActiveCfg = Release|Any CPU
		{AF9E5FEB-F524-4190-AB67-A57A96B37880}.Ad-Hoc|iPhone.Build.0 = Release|Any CPU
		{AF9E5FEB-F524-4190-AB67-A57A96B37880}.Ad-Hoc|iPhone.Deploy.0 = Release|Any CPU
		{AF9E5FEB-F524-4190-AB67-A57A96B37880}.Ad-Hoc|iPhoneSimulator.ActiveCfg = Release|Any CPU
		{AF9E5FEB-F524-4190-AB67-A57A96B37880}.Ad-Hoc|iPhoneSimulator.Build.0 = Release|Any CPU
		{AF9E5FEB-F524-4190-AB67-A57A96B37880}.Ad-Hoc|iPhoneSimulator.Deploy.0 = Release|Any CPU
		{AF9E5FEB-F524-4190-AB67-A57A96B37880}.Ad-Hoc|x64.ActiveCfg = Release|Any CPU
		{AF9E5FEB-F524-4190-AB67-A57A96B37880}.Ad-Hoc|x64.Build.0 = Release|Any CPU
		{AF9E5FEB-F524-4190-AB67-A57A96B37880}.Ad-Hoc|x64.Deploy.0 = Release|Any CPU
		{AF9E5FEB-F524-4190-AB67-A57A96B37880}.Ad-Hoc|x86.ActiveCfg = Release|Any CPU
		{AF9E5FEB-F524-4190-AB67-A57A96B37880}.Ad-Hoc|x86.Build.0 = Release|Any CPU
		{AF9E5FEB-F524-4190-AB67-A57A96B37880}.Ad-Hoc|x86.Deploy.0 = Release|Any CPU
		{AF9E5FEB-F524-4190-AB67-A57A96B37880}.AppStore|Any CPU.ActiveCfg = Release|Any CPU
		{AF9E5FEB-F524-4190-AB67-A57A96B37880}.AppStore|Any CPU.Build.0 = Release|Any CPU
		{AF9E5FEB-F524-4190-AB67-A57A96B37880}.AppStore|Any CPU.Deploy.0 = Release|Any CPU
		{AF9E5FEB-F524-4190-AB67-A57A96B37880}.AppStore|ARM.ActiveCfg = Release|Any CPU
		{AF9E5FEB-F524-4190-AB67-A57A96B37880}.AppStore|ARM.Build.0 = Release|Any CPU
		{AF9E5FEB-F524-4190-AB67-A57A96B37880}.AppStore|ARM.Deploy.0 = Release|Any CPU
		{AF9E5FEB-F524-4190-AB67-A57A96B37880}.AppStore|iPhone.ActiveCfg = Release|Any CPU
		{AF9E5FEB-F524-4190-AB67-A57A96B37880}.AppStore|iPhone.Build.0 = Release|Any CPU
		{AF9E5FEB-F524-4190-AB67-A57A96B37880}.AppStore|iPhone.Deploy.0 = Release|Any CPU
		{AF9E5FEB-F524-4190-AB67-A57A96B37880}.AppStore|iPhoneSimulator.ActiveCfg = Release|Any CPU
		{AF9E5FEB-F524-4190-AB67-A57A96B37880}.AppStore|iPhoneSimulator.Build.0 = Release|Any CPU
		{AF9E5FEB-F524-4190-AB67-A57A96B37880}.AppStore|iPhoneSimulator.Deploy.0 = Release|Any CPU
		{AF9E5FEB-F524-4190-AB67-A57A96B37880}.AppStore|x64.ActiveCfg = Release|Any CPU
		{AF9E5FEB-F524-4190-AB67-A57A96B37880}.AppStore|x64.Build.0 = Release|Any CPU
		{AF9E5FEB-F524-4190-AB67-A57A96B37880}.AppStore|x64.Deploy.0 = Release|Any CPU
		{AF9E5FEB-F524-4190-AB67-A57A96B37880}.AppStore|x86.ActiveCfg = Release|Any CPU
		{AF9E5FEB-F524-4190-AB67-A57A96B37880}.AppStore|x86.Build.0 = Release|Any CPU
		{AF9E5FEB-F524-4190-AB67-A57A96B37880}.AppStore|x86.Deploy.0 = Release|Any CPU
		{AF9E5FEB-F524-4190-AB67-A57A96B37880}.Debug|Any CPU.ActiveCfg = Debug|Any CPU
		{AF9E5FEB-F524-4190-AB67-A57A96B37880}.Debug|Any CPU.Build.0 = Debug|Any CPU
		{AF9E5FEB-F524-4190-AB67-A57A96B37880}.Debug|Any CPU.Deploy.0 = Debug|Any CPU
		{AF9E5FEB-F524-4190-AB67-A57A96B37880}.Debug|ARM.ActiveCfg = Debug|Any CPU
		{AF9E5FEB-F524-4190-AB67-A57A96B37880}.Debug|ARM.Build.0 = Debug|Any CPU
		{AF9E5FEB-F524-4190-AB67-A57A96B37880}.Debug|ARM.Deploy.0 = Debug|Any CPU
		{AF9E5FEB-F524-4190-AB67-A57A96B37880}.Debug|iPhone.ActiveCfg = Debug|Any CPU
		{AF9E5FEB-F524-4190-AB67-A57A96B37880}.Debug|iPhone.Build.0 = Debug|Any CPU
		{AF9E5FEB-F524-4190-AB67-A57A96B37880}.Debug|iPhone.Deploy.0 = Debug|Any CPU
		{AF9E5FEB-F524-4190-AB67-A57A96B37880}.Debug|iPhoneSimulator.ActiveCfg = Debug|Any CPU
		{AF9E5FEB-F524-4190-AB67-A57A96B37880}.Debug|iPhoneSimulator.Build.0 = Debug|Any CPU
		{AF9E5FEB-F524-4190-AB67-A57A96B37880}.Debug|iPhoneSimulator.Deploy.0 = Debug|Any CPU
		{AF9E5FEB-F524-4190-AB67-A57A96B37880}.Debug|x64.ActiveCfg = Debug|Any CPU
		{AF9E5FEB-F524-4190-AB67-A57A96B37880}.Debug|x64.Build.0 = Debug|Any CPU
		{AF9E5FEB-F524-4190-AB67-A57A96B37880}.Debug|x64.Deploy.0 = Debug|Any CPU
		{AF9E5FEB-F524-4190-AB67-A57A96B37880}.Debug|x86.ActiveCfg = Debug|Any CPU
		{AF9E5FEB-F524-4190-AB67-A57A96B37880}.Debug|x86.Build.0 = Debug|Any CPU
		{AF9E5FEB-F524-4190-AB67-A57A96B37880}.Debug|x86.Deploy.0 = Debug|Any CPU
		{AF9E5FEB-F524-4190-AB67-A57A96B37880}.Release|Any CPU.ActiveCfg = Release|Any CPU
		{AF9E5FEB-F524-4190-AB67-A57A96B37880}.Release|Any CPU.Build.0 = Release|Any CPU
		{AF9E5FEB-F524-4190-AB67-A57A96B37880}.Release|Any CPU.Deploy.0 = Release|Any CPU
		{AF9E5FEB-F524-4190-AB67-A57A96B37880}.Release|ARM.ActiveCfg = Release|Any CPU
		{AF9E5FEB-F524-4190-AB67-A57A96B37880}.Release|ARM.Build.0 = Release|Any CPU
		{AF9E5FEB-F524-4190-AB67-A57A96B37880}.Release|ARM.Deploy.0 = Release|Any CPU
		{AF9E5FEB-F524-4190-AB67-A57A96B37880}.Release|iPhone.ActiveCfg = Release|Any CPU
		{AF9E5FEB-F524-4190-AB67-A57A96B37880}.Release|iPhone.Build.0 = Release|Any CPU
		{AF9E5FEB-F524-4190-AB67-A57A96B37880}.Release|iPhone.Deploy.0 = Release|Any CPU
		{AF9E5FEB-F524-4190-AB67-A57A96B37880}.Release|iPhoneSimulator.ActiveCfg = Release|Any CPU
		{AF9E5FEB-F524-4190-AB67-A57A96B37880}.Release|iPhoneSimulator.Build.0 = Release|Any CPU
		{AF9E5FEB-F524-4190-AB67-A57A96B37880}.Release|iPhoneSimulator.Deploy.0 = Release|Any CPU
		{AF9E5FEB-F524-4190-AB67-A57A96B37880}.Release|x64.ActiveCfg = Release|Any CPU
		{AF9E5FEB-F524-4190-AB67-A57A96B37880}.Release|x64.Build.0 = Release|Any CPU
		{AF9E5FEB-F524-4190-AB67-A57A96B37880}.Release|x64.Deploy.0 = Release|Any CPU
		{AF9E5FEB-F524-4190-AB67-A57A96B37880}.Release|x86.ActiveCfg = Release|Any CPU
		{AF9E5FEB-F524-4190-AB67-A57A96B37880}.Release|x86.Build.0 = Release|Any CPU
		{AF9E5FEB-F524-4190-AB67-A57A96B37880}.Release|x86.Deploy.0 = Release|Any CPU
		{56321EC4-3061-4EEE-AD75-C6D950CD8250}.Ad-Hoc|Any CPU.ActiveCfg = Ad-Hoc|iPhone
		{56321EC4-3061-4EEE-AD75-C6D950CD8250}.Ad-Hoc|Any CPU.Build.0 = Ad-Hoc|iPhone
		{56321EC4-3061-4EEE-AD75-C6D950CD8250}.Ad-Hoc|Any CPU.Deploy.0 = Ad-Hoc|iPhone
		{56321EC4-3061-4EEE-AD75-C6D950CD8250}.Ad-Hoc|ARM.ActiveCfg = Ad-Hoc|iPhone
		{56321EC4-3061-4EEE-AD75-C6D950CD8250}.Ad-Hoc|ARM.Build.0 = Ad-Hoc|iPhone
		{56321EC4-3061-4EEE-AD75-C6D950CD8250}.Ad-Hoc|ARM.Deploy.0 = Ad-Hoc|iPhone
		{56321EC4-3061-4EEE-AD75-C6D950CD8250}.Ad-Hoc|iPhone.ActiveCfg = Ad-Hoc|iPhone
		{56321EC4-3061-4EEE-AD75-C6D950CD8250}.Ad-Hoc|iPhone.Build.0 = Ad-Hoc|iPhone
		{56321EC4-3061-4EEE-AD75-C6D950CD8250}.Ad-Hoc|iPhone.Deploy.0 = Ad-Hoc|iPhone
		{56321EC4-3061-4EEE-AD75-C6D950CD8250}.Ad-Hoc|iPhoneSimulator.ActiveCfg = Ad-Hoc|iPhoneSimulator
		{56321EC4-3061-4EEE-AD75-C6D950CD8250}.Ad-Hoc|iPhoneSimulator.Build.0 = Ad-Hoc|iPhoneSimulator
		{56321EC4-3061-4EEE-AD75-C6D950CD8250}.Ad-Hoc|iPhoneSimulator.Deploy.0 = Ad-Hoc|iPhoneSimulator
		{56321EC4-3061-4EEE-AD75-C6D950CD8250}.Ad-Hoc|x64.ActiveCfg = Ad-Hoc|iPhone
		{56321EC4-3061-4EEE-AD75-C6D950CD8250}.Ad-Hoc|x64.Build.0 = Ad-Hoc|iPhone
		{56321EC4-3061-4EEE-AD75-C6D950CD8250}.Ad-Hoc|x64.Deploy.0 = Ad-Hoc|iPhone
		{56321EC4-3061-4EEE-AD75-C6D950CD8250}.Ad-Hoc|x86.ActiveCfg = Ad-Hoc|iPhone
		{56321EC4-3061-4EEE-AD75-C6D950CD8250}.Ad-Hoc|x86.Build.0 = Ad-Hoc|iPhone
		{56321EC4-3061-4EEE-AD75-C6D950CD8250}.Ad-Hoc|x86.Deploy.0 = Ad-Hoc|iPhone
		{56321EC4-3061-4EEE-AD75-C6D950CD8250}.AppStore|Any CPU.ActiveCfg = AppStore|iPhone
		{56321EC4-3061-4EEE-AD75-C6D950CD8250}.AppStore|Any CPU.Build.0 = AppStore|iPhone
		{56321EC4-3061-4EEE-AD75-C6D950CD8250}.AppStore|Any CPU.Deploy.0 = AppStore|iPhone
		{56321EC4-3061-4EEE-AD75-C6D950CD8250}.AppStore|ARM.ActiveCfg = AppStore|iPhone
		{56321EC4-3061-4EEE-AD75-C6D950CD8250}.AppStore|ARM.Build.0 = AppStore|iPhone
		{56321EC4-3061-4EEE-AD75-C6D950CD8250}.AppStore|ARM.Deploy.0 = AppStore|iPhone
		{56321EC4-3061-4EEE-AD75-C6D950CD8250}.AppStore|iPhone.ActiveCfg = AppStore|iPhone
		{56321EC4-3061-4EEE-AD75-C6D950CD8250}.AppStore|iPhone.Build.0 = AppStore|iPhone
		{56321EC4-3061-4EEE-AD75-C6D950CD8250}.AppStore|iPhone.Deploy.0 = AppStore|iPhone
		{56321EC4-3061-4EEE-AD75-C6D950CD8250}.AppStore|iPhoneSimulator.ActiveCfg = AppStore|iPhoneSimulator
		{56321EC4-3061-4EEE-AD75-C6D950CD8250}.AppStore|iPhoneSimulator.Build.0 = AppStore|iPhoneSimulator
		{56321EC4-3061-4EEE-AD75-C6D950CD8250}.AppStore|iPhoneSimulator.Deploy.0 = AppStore|iPhoneSimulator
		{56321EC4-3061-4EEE-AD75-C6D950CD8250}.AppStore|x64.ActiveCfg = AppStore|iPhone
		{56321EC4-3061-4EEE-AD75-C6D950CD8250}.AppStore|x64.Build.0 = AppStore|iPhone
		{56321EC4-3061-4EEE-AD75-C6D950CD8250}.AppStore|x64.Deploy.0 = AppStore|iPhone
		{56321EC4-3061-4EEE-AD75-C6D950CD8250}.AppStore|x86.ActiveCfg = AppStore|iPhone
		{56321EC4-3061-4EEE-AD75-C6D950CD8250}.AppStore|x86.Build.0 = AppStore|iPhone
		{56321EC4-3061-4EEE-AD75-C6D950CD8250}.AppStore|x86.Deploy.0 = AppStore|iPhone
		{56321EC4-3061-4EEE-AD75-C6D950CD8250}.Debug|Any CPU.ActiveCfg = Debug|iPhoneSimulator
		{56321EC4-3061-4EEE-AD75-C6D950CD8250}.Debug|Any CPU.Build.0 = Debug|iPhoneSimulator
		{56321EC4-3061-4EEE-AD75-C6D950CD8250}.Debug|Any CPU.Deploy.0 = Debug|iPhoneSimulator
		{56321EC4-3061-4EEE-AD75-C6D950CD8250}.Debug|ARM.ActiveCfg = Debug|iPhone
		{56321EC4-3061-4EEE-AD75-C6D950CD8250}.Debug|ARM.Build.0 = Debug|iPhone
		{56321EC4-3061-4EEE-AD75-C6D950CD8250}.Debug|ARM.Deploy.0 = Debug|iPhone
		{56321EC4-3061-4EEE-AD75-C6D950CD8250}.Debug|iPhone.ActiveCfg = Debug|iPhone
		{56321EC4-3061-4EEE-AD75-C6D950CD8250}.Debug|iPhone.Build.0 = Debug|iPhone
		{56321EC4-3061-4EEE-AD75-C6D950CD8250}.Debug|iPhone.Deploy.0 = Debug|iPhone
		{56321EC4-3061-4EEE-AD75-C6D950CD8250}.Debug|iPhoneSimulator.ActiveCfg = Debug|iPhoneSimulator
		{56321EC4-3061-4EEE-AD75-C6D950CD8250}.Debug|iPhoneSimulator.Build.0 = Debug|iPhoneSimulator
		{56321EC4-3061-4EEE-AD75-C6D950CD8250}.Debug|iPhoneSimulator.Deploy.0 = Debug|iPhoneSimulator
		{56321EC4-3061-4EEE-AD75-C6D950CD8250}.Debug|x64.ActiveCfg = Debug|iPhone
		{56321EC4-3061-4EEE-AD75-C6D950CD8250}.Debug|x64.Build.0 = Debug|iPhone
		{56321EC4-3061-4EEE-AD75-C6D950CD8250}.Debug|x64.Deploy.0 = Debug|iPhone
		{56321EC4-3061-4EEE-AD75-C6D950CD8250}.Debug|x86.ActiveCfg = Debug|iPhone
		{56321EC4-3061-4EEE-AD75-C6D950CD8250}.Debug|x86.Build.0 = Debug|iPhone
		{56321EC4-3061-4EEE-AD75-C6D950CD8250}.Debug|x86.Deploy.0 = Debug|iPhone
		{56321EC4-3061-4EEE-AD75-C6D950CD8250}.Release|Any CPU.ActiveCfg = Release|iPhone
		{56321EC4-3061-4EEE-AD75-C6D950CD8250}.Release|Any CPU.Build.0 = Release|iPhone
		{56321EC4-3061-4EEE-AD75-C6D950CD8250}.Release|Any CPU.Deploy.0 = Release|iPhone
		{56321EC4-3061-4EEE-AD75-C6D950CD8250}.Release|ARM.ActiveCfg = Release|iPhone
		{56321EC4-3061-4EEE-AD75-C6D950CD8250}.Release|ARM.Build.0 = Release|iPhone
		{56321EC4-3061-4EEE-AD75-C6D950CD8250}.Release|ARM.Deploy.0 = Release|iPhone
		{56321EC4-3061-4EEE-AD75-C6D950CD8250}.Release|iPhone.ActiveCfg = Release|iPhone
		{56321EC4-3061-4EEE-AD75-C6D950CD8250}.Release|iPhone.Build.0 = Release|iPhone
		{56321EC4-3061-4EEE-AD75-C6D950CD8250}.Release|iPhone.Deploy.0 = Release|iPhone
		{56321EC4-3061-4EEE-AD75-C6D950CD8250}.Release|iPhoneSimulator.ActiveCfg = Release|iPhoneSimulator
		{56321EC4-3061-4EEE-AD75-C6D950CD8250}.Release|iPhoneSimulator.Build.0 = Release|iPhoneSimulator
		{56321EC4-3061-4EEE-AD75-C6D950CD8250}.Release|iPhoneSimulator.Deploy.0 = Release|iPhoneSimulator
		{56321EC4-3061-4EEE-AD75-C6D950CD8250}.Release|x64.ActiveCfg = Release|iPhone
		{56321EC4-3061-4EEE-AD75-C6D950CD8250}.Release|x64.Build.0 = Release|iPhone
		{56321EC4-3061-4EEE-AD75-C6D950CD8250}.Release|x64.Deploy.0 = Release|iPhone
		{56321EC4-3061-4EEE-AD75-C6D950CD8250}.Release|x86.ActiveCfg = Release|iPhone
		{56321EC4-3061-4EEE-AD75-C6D950CD8250}.Release|x86.Build.0 = Release|iPhone
		{56321EC4-3061-4EEE-AD75-C6D950CD8250}.Release|x86.Deploy.0 = Release|iPhone
		{8FEC33BC-F4C3-4BC4-93C2-821E8F72D8F2}.Ad-Hoc|Any CPU.ActiveCfg = Release|x86
		{8FEC33BC-F4C3-4BC4-93C2-821E8F72D8F2}.Ad-Hoc|Any CPU.Build.0 = Release|x86
		{8FEC33BC-F4C3-4BC4-93C2-821E8F72D8F2}.Ad-Hoc|Any CPU.Deploy.0 = Release|x86
		{8FEC33BC-F4C3-4BC4-93C2-821E8F72D8F2}.Ad-Hoc|ARM.ActiveCfg = Release|ARM
		{8FEC33BC-F4C3-4BC4-93C2-821E8F72D8F2}.Ad-Hoc|ARM.Build.0 = Release|ARM
		{8FEC33BC-F4C3-4BC4-93C2-821E8F72D8F2}.Ad-Hoc|ARM.Deploy.0 = Release|ARM
		{8FEC33BC-F4C3-4BC4-93C2-821E8F72D8F2}.Ad-Hoc|iPhone.ActiveCfg = Release|x86
		{8FEC33BC-F4C3-4BC4-93C2-821E8F72D8F2}.Ad-Hoc|iPhone.Build.0 = Release|x86
		{8FEC33BC-F4C3-4BC4-93C2-821E8F72D8F2}.Ad-Hoc|iPhone.Deploy.0 = Release|x86
		{8FEC33BC-F4C3-4BC4-93C2-821E8F72D8F2}.Ad-Hoc|iPhoneSimulator.ActiveCfg = Release|x86
		{8FEC33BC-F4C3-4BC4-93C2-821E8F72D8F2}.Ad-Hoc|iPhoneSimulator.Build.0 = Release|x86
		{8FEC33BC-F4C3-4BC4-93C2-821E8F72D8F2}.Ad-Hoc|iPhoneSimulator.Deploy.0 = Release|x86
		{8FEC33BC-F4C3-4BC4-93C2-821E8F72D8F2}.Ad-Hoc|x64.ActiveCfg = Release|x64
		{8FEC33BC-F4C3-4BC4-93C2-821E8F72D8F2}.Ad-Hoc|x64.Build.0 = Release|x64
		{8FEC33BC-F4C3-4BC4-93C2-821E8F72D8F2}.Ad-Hoc|x64.Deploy.0 = Release|x64
		{8FEC33BC-F4C3-4BC4-93C2-821E8F72D8F2}.Ad-Hoc|x86.ActiveCfg = Release|x86
		{8FEC33BC-F4C3-4BC4-93C2-821E8F72D8F2}.Ad-Hoc|x86.Build.0 = Release|x86
		{8FEC33BC-F4C3-4BC4-93C2-821E8F72D8F2}.Ad-Hoc|x86.Deploy.0 = Release|x86
		{8FEC33BC-F4C3-4BC4-93C2-821E8F72D8F2}.AppStore|Any CPU.ActiveCfg = Release|x86
		{8FEC33BC-F4C3-4BC4-93C2-821E8F72D8F2}.AppStore|Any CPU.Build.0 = Release|x86
		{8FEC33BC-F4C3-4BC4-93C2-821E8F72D8F2}.AppStore|Any CPU.Deploy.0 = Release|x86
		{8FEC33BC-F4C3-4BC4-93C2-821E8F72D8F2}.AppStore|ARM.ActiveCfg = Release|ARM
		{8FEC33BC-F4C3-4BC4-93C2-821E8F72D8F2}.AppStore|ARM.Build.0 = Release|ARM
		{8FEC33BC-F4C3-4BC4-93C2-821E8F72D8F2}.AppStore|ARM.Deploy.0 = Release|ARM
		{8FEC33BC-F4C3-4BC4-93C2-821E8F72D8F2}.AppStore|iPhone.ActiveCfg = Release|x86
		{8FEC33BC-F4C3-4BC4-93C2-821E8F72D8F2}.AppStore|iPhone.Build.0 = Release|x86
		{8FEC33BC-F4C3-4BC4-93C2-821E8F72D8F2}.AppStore|iPhone.Deploy.0 = Release|x86
		{8FEC33BC-F4C3-4BC4-93C2-821E8F72D8F2}.AppStore|iPhoneSimulator.ActiveCfg = Release|x86
		{8FEC33BC-F4C3-4BC4-93C2-821E8F72D8F2}.AppStore|iPhoneSimulator.Build.0 = Release|x86
		{8FEC33BC-F4C3-4BC4-93C2-821E8F72D8F2}.AppStore|iPhoneSimulator.Deploy.0 = Release|x86
		{8FEC33BC-F4C3-4BC4-93C2-821E8F72D8F2}.AppStore|x64.ActiveCfg = Release|x64
		{8FEC33BC-F4C3-4BC4-93C2-821E8F72D8F2}.AppStore|x64.Build.0 = Release|x64
		{8FEC33BC-F4C3-4BC4-93C2-821E8F72D8F2}.AppStore|x64.Deploy.0 = Release|x64
		{8FEC33BC-F4C3-4BC4-93C2-821E8F72D8F2}.AppStore|x86.ActiveCfg = Release|x86
		{8FEC33BC-F4C3-4BC4-93C2-821E8F72D8F2}.AppStore|x86.Build.0 = Release|x86
		{8FEC33BC-F4C3-4BC4-93C2-821E8F72D8F2}.AppStore|x86.Deploy.0 = Release|x86
		{8FEC33BC-F4C3-4BC4-93C2-821E8F72D8F2}.Debug|Any CPU.ActiveCfg = Debug|x86
		{8FEC33BC-F4C3-4BC4-93C2-821E8F72D8F2}.Debug|Any CPU.Build.0 = Debug|x86
		{8FEC33BC-F4C3-4BC4-93C2-821E8F72D8F2}.Debug|Any CPU.Deploy.0 = Debug|x86
		{8FEC33BC-F4C3-4BC4-93C2-821E8F72D8F2}.Debug|ARM.ActiveCfg = Debug|ARM
		{8FEC33BC-F4C3-4BC4-93C2-821E8F72D8F2}.Debug|ARM.Build.0 = Debug|ARM
		{8FEC33BC-F4C3-4BC4-93C2-821E8F72D8F2}.Debug|ARM.Deploy.0 = Debug|ARM
		{8FEC33BC-F4C3-4BC4-93C2-821E8F72D8F2}.Debug|iPhone.ActiveCfg = Debug|x86
		{8FEC33BC-F4C3-4BC4-93C2-821E8F72D8F2}.Debug|iPhone.Build.0 = Debug|x86
		{8FEC33BC-F4C3-4BC4-93C2-821E8F72D8F2}.Debug|iPhone.Deploy.0 = Debug|x86
		{8FEC33BC-F4C3-4BC4-93C2-821E8F72D8F2}.Debug|iPhoneSimulator.ActiveCfg = Debug|x86
		{8FEC33BC-F4C3-4BC4-93C2-821E8F72D8F2}.Debug|iPhoneSimulator.Build.0 = Debug|x86
		{8FEC33BC-F4C3-4BC4-93C2-821E8F72D8F2}.Debug|iPhoneSimulator.Deploy.0 = Debug|x86
		{8FEC33BC-F4C3-4BC4-93C2-821E8F72D8F2}.Debug|x64.ActiveCfg = Debug|x64
		{8FEC33BC-F4C3-4BC4-93C2-821E8F72D8F2}.Debug|x64.Build.0 = Debug|x64
		{8FEC33BC-F4C3-4BC4-93C2-821E8F72D8F2}.Debug|x64.Deploy.0 = Debug|x64
		{8FEC33BC-F4C3-4BC4-93C2-821E8F72D8F2}.Debug|x86.ActiveCfg = Debug|x86
		{8FEC33BC-F4C3-4BC4-93C2-821E8F72D8F2}.Debug|x86.Build.0 = Debug|x86
		{8FEC33BC-F4C3-4BC4-93C2-821E8F72D8F2}.Debug|x86.Deploy.0 = Debug|x86
		{8FEC33BC-F4C3-4BC4-93C2-821E8F72D8F2}.Release|Any CPU.ActiveCfg = Release|x86
		{8FEC33BC-F4C3-4BC4-93C2-821E8F72D8F2}.Release|Any CPU.Build.0 = Release|x86
		{8FEC33BC-F4C3-4BC4-93C2-821E8F72D8F2}.Release|Any CPU.Deploy.0 = Release|x86
		{8FEC33BC-F4C3-4BC4-93C2-821E8F72D8F2}.Release|ARM.ActiveCfg = Release|ARM
		{8FEC33BC-F4C3-4BC4-93C2-821E8F72D8F2}.Release|ARM.Build.0 = Release|ARM
		{8FEC33BC-F4C3-4BC4-93C2-821E8F72D8F2}.Release|ARM.Deploy.0 = Release|ARM
		{8FEC33BC-F4C3-4BC4-93C2-821E8F72D8F2}.Release|iPhone.ActiveCfg = Release|x86
		{8FEC33BC-F4C3-4BC4-93C2-821E8F72D8F2}.Release|iPhone.Build.0 = Release|x86
		{8FEC33BC-F4C3-4BC4-93C2-821E8F72D8F2}.Release|iPhone.Deploy.0 = Release|x86
		{8FEC33BC-F4C3-4BC4-93C2-821E8F72D8F2}.Release|iPhoneSimulator.ActiveCfg = Release|x86
		{8FEC33BC-F4C3-4BC4-93C2-821E8F72D8F2}.Release|iPhoneSimulator.Build.0 = Release|x86
		{8FEC33BC-F4C3-4BC4-93C2-821E8F72D8F2}.Release|iPhoneSimulator.Deploy.0 = Release|x86
		{8FEC33BC-F4C3-4BC4-93C2-821E8F72D8F2}.Release|x64.ActiveCfg = Release|x64
		{8FEC33BC-F4C3-4BC4-93C2-821E8F72D8F2}.Release|x64.Build.0 = Release|x64
		{8FEC33BC-F4C3-4BC4-93C2-821E8F72D8F2}.Release|x64.Deploy.0 = Release|x64
		{8FEC33BC-F4C3-4BC4-93C2-821E8F72D8F2}.Release|x86.ActiveCfg = Release|x86
		{8FEC33BC-F4C3-4BC4-93C2-821E8F72D8F2}.Release|x86.Build.0 = Release|x86
		{8FEC33BC-F4C3-4BC4-93C2-821E8F72D8F2}.Release|x86.Deploy.0 = Release|x86
		{AD55C11B-D217-43C0-AFA9-70E51A70ACAE}.Ad-Hoc|Any CPU.ActiveCfg = Debug|Any CPU
		{AD55C11B-D217-43C0-AFA9-70E51A70ACAE}.Ad-Hoc|Any CPU.Build.0 = Debug|Any CPU
		{AD55C11B-D217-43C0-AFA9-70E51A70ACAE}.Ad-Hoc|Any CPU.Deploy.0 = Debug|Any CPU
		{AD55C11B-D217-43C0-AFA9-70E51A70ACAE}.Ad-Hoc|ARM.ActiveCfg = Debug|Any CPU
		{AD55C11B-D217-43C0-AFA9-70E51A70ACAE}.Ad-Hoc|ARM.Build.0 = Debug|Any CPU
		{AD55C11B-D217-43C0-AFA9-70E51A70ACAE}.Ad-Hoc|ARM.Deploy.0 = Debug|Any CPU
		{AD55C11B-D217-43C0-AFA9-70E51A70ACAE}.Ad-Hoc|iPhone.ActiveCfg = Debug|Any CPU
		{AD55C11B-D217-43C0-AFA9-70E51A70ACAE}.Ad-Hoc|iPhone.Build.0 = Debug|Any CPU
		{AD55C11B-D217-43C0-AFA9-70E51A70ACAE}.Ad-Hoc|iPhone.Deploy.0 = Debug|Any CPU
		{AD55C11B-D217-43C0-AFA9-70E51A70ACAE}.Ad-Hoc|iPhoneSimulator.ActiveCfg = Debug|Any CPU
		{AD55C11B-D217-43C0-AFA9-70E51A70ACAE}.Ad-Hoc|iPhoneSimulator.Build.0 = Debug|Any CPU
		{AD55C11B-D217-43C0-AFA9-70E51A70ACAE}.Ad-Hoc|iPhoneSimulator.Deploy.0 = Debug|Any CPU
		{AD55C11B-D217-43C0-AFA9-70E51A70ACAE}.Ad-Hoc|x64.ActiveCfg = Debug|Any CPU
		{AD55C11B-D217-43C0-AFA9-70E51A70ACAE}.Ad-Hoc|x64.Build.0 = Debug|Any CPU
		{AD55C11B-D217-43C0-AFA9-70E51A70ACAE}.Ad-Hoc|x64.Deploy.0 = Debug|Any CPU
		{AD55C11B-D217-43C0-AFA9-70E51A70ACAE}.Ad-Hoc|x86.ActiveCfg = Debug|Any CPU
		{AD55C11B-D217-43C0-AFA9-70E51A70ACAE}.Ad-Hoc|x86.Build.0 = Debug|Any CPU
		{AD55C11B-D217-43C0-AFA9-70E51A70ACAE}.Ad-Hoc|x86.Deploy.0 = Debug|Any CPU
		{AD55C11B-D217-43C0-AFA9-70E51A70ACAE}.AppStore|Any CPU.ActiveCfg = Debug|Any CPU
		{AD55C11B-D217-43C0-AFA9-70E51A70ACAE}.AppStore|Any CPU.Build.0 = Debug|Any CPU
		{AD55C11B-D217-43C0-AFA9-70E51A70ACAE}.AppStore|Any CPU.Deploy.0 = Debug|Any CPU
		{AD55C11B-D217-43C0-AFA9-70E51A70ACAE}.AppStore|ARM.ActiveCfg = Debug|Any CPU
		{AD55C11B-D217-43C0-AFA9-70E51A70ACAE}.AppStore|ARM.Build.0 = Debug|Any CPU
		{AD55C11B-D217-43C0-AFA9-70E51A70ACAE}.AppStore|ARM.Deploy.0 = Debug|Any CPU
		{AD55C11B-D217-43C0-AFA9-70E51A70ACAE}.AppStore|iPhone.ActiveCfg = Debug|Any CPU
		{AD55C11B-D217-43C0-AFA9-70E51A70ACAE}.AppStore|iPhone.Build.0 = Debug|Any CPU
		{AD55C11B-D217-43C0-AFA9-70E51A70ACAE}.AppStore|iPhone.Deploy.0 = Debug|Any CPU
		{AD55C11B-D217-43C0-AFA9-70E51A70ACAE}.AppStore|iPhoneSimulator.ActiveCfg = Debug|Any CPU
		{AD55C11B-D217-43C0-AFA9-70E51A70ACAE}.AppStore|iPhoneSimulator.Build.0 = Debug|Any CPU
		{AD55C11B-D217-43C0-AFA9-70E51A70ACAE}.AppStore|iPhoneSimulator.Deploy.0 = Debug|Any CPU
		{AD55C11B-D217-43C0-AFA9-70E51A70ACAE}.AppStore|x64.ActiveCfg = Debug|Any CPU
		{AD55C11B-D217-43C0-AFA9-70E51A70ACAE}.AppStore|x64.Build.0 = Debug|Any CPU
		{AD55C11B-D217-43C0-AFA9-70E51A70ACAE}.AppStore|x64.Deploy.0 = Debug|Any CPU
		{AD55C11B-D217-43C0-AFA9-70E51A70ACAE}.AppStore|x86.ActiveCfg = Debug|Any CPU
		{AD55C11B-D217-43C0-AFA9-70E51A70ACAE}.AppStore|x86.Build.0 = Debug|Any CPU
		{AD55C11B-D217-43C0-AFA9-70E51A70ACAE}.AppStore|x86.Deploy.0 = Debug|Any CPU
		{AD55C11B-D217-43C0-AFA9-70E51A70ACAE}.Debug|Any CPU.ActiveCfg = Debug|Any CPU
		{AD55C11B-D217-43C0-AFA9-70E51A70ACAE}.Debug|Any CPU.Build.0 = Debug|Any CPU
		{AD55C11B-D217-43C0-AFA9-70E51A70ACAE}.Debug|Any CPU.Deploy.0 = Debug|Any CPU
		{AD55C11B-D217-43C0-AFA9-70E51A70ACAE}.Debug|ARM.ActiveCfg = Debug|Any CPU
		{AD55C11B-D217-43C0-AFA9-70E51A70ACAE}.Debug|ARM.Build.0 = Debug|Any CPU
		{AD55C11B-D217-43C0-AFA9-70E51A70ACAE}.Debug|ARM.Deploy.0 = Debug|Any CPU
		{AD55C11B-D217-43C0-AFA9-70E51A70ACAE}.Debug|iPhone.ActiveCfg = Debug|Any CPU
		{AD55C11B-D217-43C0-AFA9-70E51A70ACAE}.Debug|iPhone.Build.0 = Debug|Any CPU
		{AD55C11B-D217-43C0-AFA9-70E51A70ACAE}.Debug|iPhone.Deploy.0 = Debug|Any CPU
		{AD55C11B-D217-43C0-AFA9-70E51A70ACAE}.Debug|iPhoneSimulator.ActiveCfg = Debug|Any CPU
		{AD55C11B-D217-43C0-AFA9-70E51A70ACAE}.Debug|iPhoneSimulator.Build.0 = Debug|Any CPU
		{AD55C11B-D217-43C0-AFA9-70E51A70ACAE}.Debug|iPhoneSimulator.Deploy.0 = Debug|Any CPU
		{AD55C11B-D217-43C0-AFA9-70E51A70ACAE}.Debug|x64.ActiveCfg = Debug|Any CPU
		{AD55C11B-D217-43C0-AFA9-70E51A70ACAE}.Debug|x64.Build.0 = Debug|Any CPU
		{AD55C11B-D217-43C0-AFA9-70E51A70ACAE}.Debug|x64.Deploy.0 = Debug|Any CPU
		{AD55C11B-D217-43C0-AFA9-70E51A70ACAE}.Debug|x86.ActiveCfg = Debug|Any CPU
		{AD55C11B-D217-43C0-AFA9-70E51A70ACAE}.Debug|x86.Build.0 = Debug|Any CPU
		{AD55C11B-D217-43C0-AFA9-70E51A70ACAE}.Debug|x86.Deploy.0 = Debug|Any CPU
		{AD55C11B-D217-43C0-AFA9-70E51A70ACAE}.Release|Any CPU.ActiveCfg = Release|Any CPU
		{AD55C11B-D217-43C0-AFA9-70E51A70ACAE}.Release|Any CPU.Build.0 = Release|Any CPU
		{AD55C11B-D217-43C0-AFA9-70E51A70ACAE}.Release|Any CPU.Deploy.0 = Release|Any CPU
		{AD55C11B-D217-43C0-AFA9-70E51A70ACAE}.Release|ARM.ActiveCfg = Release|Any CPU
		{AD55C11B-D217-43C0-AFA9-70E51A70ACAE}.Release|ARM.Build.0 = Release|Any CPU
		{AD55C11B-D217-43C0-AFA9-70E51A70ACAE}.Release|ARM.Deploy.0 = Release|Any CPU
		{AD55C11B-D217-43C0-AFA9-70E51A70ACAE}.Release|iPhone.ActiveCfg = Release|Any CPU
		{AD55C11B-D217-43C0-AFA9-70E51A70ACAE}.Release|iPhone.Build.0 = Release|Any CPU
		{AD55C11B-D217-43C0-AFA9-70E51A70ACAE}.Release|iPhone.Deploy.0 = Release|Any CPU
		{AD55C11B-D217-43C0-AFA9-70E51A70ACAE}.Release|iPhoneSimulator.ActiveCfg = Release|Any CPU
		{AD55C11B-D217-43C0-AFA9-70E51A70ACAE}.Release|iPhoneSimulator.Build.0 = Release|Any CPU
		{AD55C11B-D217-43C0-AFA9-70E51A70ACAE}.Release|iPhoneSimulator.Deploy.0 = Release|Any CPU
		{AD55C11B-D217-43C0-AFA9-70E51A70ACAE}.Release|x64.ActiveCfg = Release|Any CPU
		{AD55C11B-D217-43C0-AFA9-70E51A70ACAE}.Release|x64.Build.0 = Release|Any CPU
		{AD55C11B-D217-43C0-AFA9-70E51A70ACAE}.Release|x64.Deploy.0 = Release|Any CPU
		{AD55C11B-D217-43C0-AFA9-70E51A70ACAE}.Release|x86.ActiveCfg = Release|Any CPU
		{AD55C11B-D217-43C0-AFA9-70E51A70ACAE}.Release|x86.Build.0 = Release|Any CPU
		{AD55C11B-D217-43C0-AFA9-70E51A70ACAE}.Release|x86.Deploy.0 = Release|Any CPU
	EndGlobalSection
	GlobalSection(SolutionProperties) = preSolution
		HideSolutionNode = FALSE
	EndGlobalSection
	GlobalSection(ExtensibilityGlobals) = postSolution
		SolutionGuid = {7903C07A-6FDC-4DE1-9D23-AF0B44AC8F8E}
	EndGlobalSection
EndGlobal
