
Microsoft Visual Studio Solution File, Format Version 12.00
# Visual Studio 15
VisualStudioVersion = 15.0.28307.168
MinimumVisualStudioVersion = 10.0.40219.1
Project("{FAE04EC0-301F-11D3-BF4B-00C04F79EFBC}") = "ListView_Demo.Android", "ListView_Demo\ListView_Demo.Android\ListView_Demo.Android.csproj", "{E7385946-62C4-4DD5-BECC-6EF377D55F1C}"
EndProject
Project("{FAE04EC0-301F-11D3-BF4B-00C04F79EFBC}") = "ListView_Demo.iOS", "ListView_Demo\ListView_Demo.iOS\ListView_Demo.iOS.csproj", "{16D3A46D-F24A-4490-90DC-BFAA08F2F299}"
EndProject
Project("{FAE04EC0-301F-11D3-BF4B-00C04F79EFBC}") = "ListView_Demo.UWP", "ListView_Demo\ListView_Demo.UWP\ListView_Demo.UWP.csproj", "{C450E11C-17CF-42B4-A5D5-0ABD32EC56BA}"
EndProject
Project("{FAE04EC0-301F-11D3-BF4B-00C04F79EFBC}") = "ListView_Demo", "ListView_Demo\ListView_Demo\ListView_Demo.csproj", "{F08D7479-E467-492D-85A8-D2294112A31C}"
EndProject
Global
	GlobalSection(SolutionConfigurationPlatforms) = preSolution
		Ad-Hoc|Any CPU = Ad-Hoc|Any CPU
		Ad-Hoc|ARM = Ad-Hoc|ARM
		Ad-Hoc|iPhone = Ad-Hoc|iPhone
		Ad-Hoc|iPhoneSimulator = Ad-Hoc|iPhoneSimulator
		Ad-Hoc|x64 = Ad-Hoc|x64
		Ad-Hoc|x86 = Ad-Hoc|x86
		AppStore|Any CPU = AppStore|Any CPU
		AppStore|ARM = AppStore|ARM
		AppStore|iPhone = AppStore|iPhone
		AppStore|iPhoneSimulator = AppStore|iPhoneSimulator
		AppStore|x64 = AppStore|x64
		AppStore|x86 = AppStore|x86
		Debug|Any CPU = Debug|Any CPU
		Debug|ARM = Debug|ARM
		Debug|iPhone = Debug|iPhone
		Debug|iPhoneSimulator = Debug|iPhoneSimulator
		Debug|x64 = Debug|x64
		Debug|x86 = Debug|x86
		Release|Any CPU = Release|Any CPU
		Release|ARM = Release|ARM
		Release|iPhone = Release|iPhone
		Release|iPhoneSimulator = Release|iPhoneSimulator
		Release|x64 = Release|x64
		Release|x86 = Release|x86
	EndGlobalSection
	GlobalSection(ProjectConfigurationPlatforms) = postSolution
		{E7385946-62C4-4DD5-BECC-6EF377D55F1C}.Ad-Hoc|Any CPU.ActiveCfg = Release|Any CPU
		{E7385946-62C4-4DD5-BECC-6EF377D55F1C}.Ad-Hoc|Any CPU.Build.0 = Release|Any CPU
		{E7385946-62C4-4DD5-BECC-6EF377D55F1C}.Ad-Hoc|Any CPU.Deploy.0 = Release|Any CPU
		{E7385946-62C4-4DD5-BECC-6EF377D55F1C}.Ad-Hoc|ARM.ActiveCfg = Release|Any CPU
		{E7385946-62C4-4DD5-BECC-6EF377D55F1C}.Ad-Hoc|ARM.Build.0 = Release|Any CPU
		{E7385946-62C4-4DD5-BECC-6EF377D55F1C}.Ad-Hoc|ARM.Deploy.0 = Release|Any CPU
		{E7385946-62C4-4DD5-BECC-6EF377D55F1C}.Ad-Hoc|iPhone.ActiveCfg = Release|Any CPU
		{E7385946-62C4-4DD5-BECC-6EF377D55F1C}.Ad-Hoc|iPhone.Build.0 = Release|Any CPU
		{E7385946-62C4-4DD5-BECC-6EF377D55F1C}.Ad-Hoc|iPhone.Deploy.0 = Release|Any CPU
		{E7385946-62C4-4DD5-BECC-6EF377D55F1C}.Ad-Hoc|iPhoneSimulator.ActiveCfg = Release|Any CPU
		{E7385946-62C4-4DD5-BECC-6EF377D55F1C}.Ad-Hoc|iPhoneSimulator.Build.0 = Release|Any CPU
		{E7385946-62C4-4DD5-BECC-6EF377D55F1C}.Ad-Hoc|iPhoneSimulator.Deploy.0 = Release|Any CPU
		{E7385946-62C4-4DD5-BECC-6EF377D55F1C}.Ad-Hoc|x64.ActiveCfg = Release|Any CPU
		{E7385946-62C4-4DD5-BECC-6EF377D55F1C}.Ad-Hoc|x64.Build.0 = Release|Any CPU
		{E7385946-62C4-4DD5-BECC-6EF377D55F1C}.Ad-Hoc|x64.Deploy.0 = Release|Any CPU
		{E7385946-62C4-4DD5-BECC-6EF377D55F1C}.Ad-Hoc|x86.ActiveCfg = Release|Any CPU
		{E7385946-62C4-4DD5-BECC-6EF377D55F1C}.Ad-Hoc|x86.Build.0 = Release|Any CPU
		{E7385946-62C4-4DD5-BECC-6EF377D55F1C}.Ad-Hoc|x86.Deploy.0 = Release|Any CPU
		{E7385946-62C4-4DD5-BECC-6EF377D55F1C}.AppStore|Any CPU.ActiveCfg = Release|Any CPU
		{E7385946-62C4-4DD5-BECC-6EF377D55F1C}.AppStore|Any CPU.Build.0 = Release|Any CPU
		{E7385946-62C4-4DD5-BECC-6EF377D55F1C}.AppStore|Any CPU.Deploy.0 = Release|Any CPU
		{E7385946-62C4-4DD5-BECC-6EF377D55F1C}.AppStore|ARM.ActiveCfg = Release|Any CPU
		{E7385946-62C4-4DD5-BECC-6EF377D55F1C}.AppStore|ARM.Build.0 = Release|Any CPU
		{E7385946-62C4-4DD5-BECC-6EF377D55F1C}.AppStore|ARM.Deploy.0 = Release|Any CPU
		{E7385946-62C4-4DD5-BECC-6EF377D55F1C}.AppStore|iPhone.ActiveCfg = Release|Any CPU
		{E7385946-62C4-4DD5-BECC-6EF377D55F1C}.AppStore|iPhone.Build.0 = Release|Any CPU
		{E7385946-62C4-4DD5-BECC-6EF377D55F1C}.AppStore|iPhone.Deploy.0 = Release|Any CPU
		{E7385946-62C4-4DD5-BECC-6EF377D55F1C}.AppStore|iPhoneSimulator.ActiveCfg = Release|Any CPU
		{E7385946-62C4-4DD5-BECC-6EF377D55F1C}.AppStore|iPhoneSimulator.Build.0 = Release|Any CPU
		{E7385946-62C4-4DD5-BECC-6EF377D55F1C}.AppStore|iPhoneSimulator.Deploy.0 = Release|Any CPU
		{E7385946-62C4-4DD5-BECC-6EF377D55F1C}.AppStore|x64.ActiveCfg = Release|Any CPU
		{E7385946-62C4-4DD5-BECC-6EF377D55F1C}.AppStore|x64.Build.0 = Release|Any CPU
		{E7385946-62C4-4DD5-BECC-6EF377D55F1C}.AppStore|x64.Deploy.0 = Release|Any CPU
		{E7385946-62C4-4DD5-BECC-6EF377D55F1C}.AppStore|x86.ActiveCfg = Release|Any CPU
		{E7385946-62C4-4DD5-BECC-6EF377D55F1C}.AppStore|x86.Build.0 = Release|Any CPU
		{E7385946-62C4-4DD5-BECC-6EF377D55F1C}.AppStore|x86.Deploy.0 = Release|Any CPU
		{E7385946-62C4-4DD5-BECC-6EF377D55F1C}.Debug|Any CPU.ActiveCfg = Debug|Any CPU
		{E7385946-62C4-4DD5-BECC-6EF377D55F1C}.Debug|Any CPU.Build.0 = Debug|Any CPU
		{E7385946-62C4-4DD5-BECC-6EF377D55F1C}.Debug|Any CPU.Deploy.0 = Debug|Any CPU
		{E7385946-62C4-4DD5-BECC-6EF377D55F1C}.Debug|ARM.ActiveCfg = Debug|Any CPU
		{E7385946-62C4-4DD5-BECC-6EF377D55F1C}.Debug|ARM.Build.0 = Debug|Any CPU
		{E7385946-62C4-4DD5-BECC-6EF377D55F1C}.Debug|ARM.Deploy.0 = Debug|Any CPU
		{E7385946-62C4-4DD5-BECC-6EF377D55F1C}.Debug|iPhone.ActiveCfg = Debug|Any CPU
		{E7385946-62C4-4DD5-BECC-6EF377D55F1C}.Debug|iPhone.Build.0 = Debug|Any CPU
		{E7385946-62C4-4DD5-BECC-6EF377D55F1C}.Debug|iPhone.Deploy.0 = Debug|Any CPU
		{E7385946-62C4-4DD5-BECC-6EF377D55F1C}.Debug|iPhoneSimulator.ActiveCfg = Debug|Any CPU
		{E7385946-62C4-4DD5-BECC-6EF377D55F1C}.Debug|iPhoneSimulator.Build.0 = Debug|Any CPU
		{E7385946-62C4-4DD5-BECC-6EF377D55F1C}.Debug|iPhoneSimulator.Deploy.0 = Debug|Any CPU
		{E7385946-62C4-4DD5-BECC-6EF377D55F1C}.Debug|x64.ActiveCfg = Debug|Any CPU
		{E7385946-62C4-4DD5-BECC-6EF377D55F1C}.Debug|x64.Build.0 = Debug|Any CPU
		{E7385946-62C4-4DD5-BECC-6EF377D55F1C}.Debug|x64.Deploy.0 = Debug|Any CPU
		{E7385946-62C4-4DD5-BECC-6EF377D55F1C}.Debug|x86.ActiveCfg = Debug|Any CPU
		{E7385946-62C4-4DD5-BECC-6EF377D55F1C}.Debug|x86.Build.0 = Debug|Any CPU
		{E7385946-62C4-4DD5-BECC-6EF377D55F1C}.Debug|x86.Deploy.0 = Debug|Any CPU
		{E7385946-62C4-4DD5-BECC-6EF377D55F1C}.Release|Any CPU.ActiveCfg = Release|Any CPU
		{E7385946-62C4-4DD5-BECC-6EF377D55F1C}.Release|Any CPU.Build.0 = Release|Any CPU
		{E7385946-62C4-4DD5-BECC-6EF377D55F1C}.Release|Any CPU.Deploy.0 = Release|Any CPU
		{E7385946-62C4-4DD5-BECC-6EF377D55F1C}.Release|ARM.ActiveCfg = Release|Any CPU
		{E7385946-62C4-4DD5-BECC-6EF377D55F1C}.Release|ARM.Build.0 = Release|Any CPU
		{E7385946-62C4-4DD5-BECC-6EF377D55F1C}.Release|ARM.Deploy.0 = Release|Any CPU
		{E7385946-62C4-4DD5-BECC-6EF377D55F1C}.Release|iPhone.ActiveCfg = Release|Any CPU
		{E7385946-62C4-4DD5-BECC-6EF377D55F1C}.Release|iPhone.Build.0 = Release|Any CPU
		{E7385946-62C4-4DD5-BECC-6EF377D55F1C}.Release|iPhone.Deploy.0 = Release|Any CPU
		{E7385946-62C4-4DD5-BECC-6EF377D55F1C}.Release|iPhoneSimulator.ActiveCfg = Release|Any CPU
		{E7385946-62C4-4DD5-BECC-6EF377D55F1C}.Release|iPhoneSimulator.Build.0 = Release|Any CPU
		{E7385946-62C4-4DD5-BECC-6EF377D55F1C}.Release|iPhoneSimulator.Deploy.0 = Release|Any CPU
		{E7385946-62C4-4DD5-BECC-6EF377D55F1C}.Release|x64.ActiveCfg = Release|Any CPU
		{E7385946-62C4-4DD5-BECC-6EF377D55F1C}.Release|x64.Build.0 = Release|Any CPU
		{E7385946-62C4-4DD5-BECC-6EF377D55F1C}.Release|x64.Deploy.0 = Release|Any CPU
		{E7385946-62C4-4DD5-BECC-6EF377D55F1C}.Release|x86.ActiveCfg = Release|Any CPU
		{E7385946-62C4-4DD5-BECC-6EF377D55F1C}.Release|x86.Build.0 = Release|Any CPU
		{E7385946-62C4-4DD5-BECC-6EF377D55F1C}.Release|x86.Deploy.0 = Release|Any CPU
		{16D3A46D-F24A-4490-90DC-BFAA08F2F299}.Ad-Hoc|Any CPU.ActiveCfg = Ad-Hoc|iPhone
		{16D3A46D-F24A-4490-90DC-BFAA08F2F299}.Ad-Hoc|Any CPU.Build.0 = Ad-Hoc|iPhone
		{16D3A46D-F24A-4490-90DC-BFAA08F2F299}.Ad-Hoc|Any CPU.Deploy.0 = Ad-Hoc|iPhone
		{16D3A46D-F24A-4490-90DC-BFAA08F2F299}.Ad-Hoc|ARM.ActiveCfg = Ad-Hoc|iPhone
		{16D3A46D-F24A-4490-90DC-BFAA08F2F299}.Ad-Hoc|ARM.Build.0 = Ad-Hoc|iPhone
		{16D3A46D-F24A-4490-90DC-BFAA08F2F299}.Ad-Hoc|ARM.Deploy.0 = Ad-Hoc|iPhone
		{16D3A46D-F24A-4490-90DC-BFAA08F2F299}.Ad-Hoc|iPhone.ActiveCfg = Ad-Hoc|iPhone
		{16D3A46D-F24A-4490-90DC-BFAA08F2F299}.Ad-Hoc|iPhone.Build.0 = Ad-Hoc|iPhone
		{16D3A46D-F24A-4490-90DC-BFAA08F2F299}.Ad-Hoc|iPhone.Deploy.0 = Ad-Hoc|iPhone
		{16D3A46D-F24A-4490-90DC-BFAA08F2F299}.Ad-Hoc|iPhoneSimulator.ActiveCfg = Ad-Hoc|iPhoneSimulator
		{16D3A46D-F24A-4490-90DC-BFAA08F2F299}.Ad-Hoc|iPhoneSimulator.Build.0 = Ad-Hoc|iPhoneSimulator
		{16D3A46D-F24A-4490-90DC-BFAA08F2F299}.Ad-Hoc|iPhoneSimulator.Deploy.0 = Ad-Hoc|iPhoneSimulator
		{16D3A46D-F24A-4490-90DC-BFAA08F2F299}.Ad-Hoc|x64.ActiveCfg = Ad-Hoc|iPhone
		{16D3A46D-F24A-4490-90DC-BFAA08F2F299}.Ad-Hoc|x64.Build.0 = Ad-Hoc|iPhone
		{16D3A46D-F24A-4490-90DC-BFAA08F2F299}.Ad-Hoc|x64.Deploy.0 = Ad-Hoc|iPhone
		{16D3A46D-F24A-4490-90DC-BFAA08F2F299}.Ad-Hoc|x86.ActiveCfg = Ad-Hoc|iPhone
		{16D3A46D-F24A-4490-90DC-BFAA08F2F299}.Ad-Hoc|x86.Build.0 = Ad-Hoc|iPhone
		{16D3A46D-F24A-4490-90DC-BFAA08F2F299}.Ad-Hoc|x86.Deploy.0 = Ad-Hoc|iPhone
		{16D3A46D-F24A-4490-90DC-BFAA08F2F299}.AppStore|Any CPU.ActiveCfg = AppStore|iPhone
		{16D3A46D-F24A-4490-90DC-BFAA08F2F299}.AppStore|Any CPU.Build.0 = AppStore|iPhone
		{16D3A46D-F24A-4490-90DC-BFAA08F2F299}.AppStore|Any CPU.Deploy.0 = AppStore|iPhone
		{16D3A46D-F24A-4490-90DC-BFAA08F2F299}.AppStore|ARM.ActiveCfg = AppStore|iPhone
		{16D3A46D-F24A-4490-90DC-BFAA08F2F299}.AppStore|ARM.Build.0 = AppStore|iPhone
		{16D3A46D-F24A-4490-90DC-BFAA08F2F299}.AppStore|ARM.Deploy.0 = AppStore|iPhone
		{16D3A46D-F24A-4490-90DC-BFAA08F2F299}.AppStore|iPhone.ActiveCfg = AppStore|iPhone
		{16D3A46D-F24A-4490-90DC-BFAA08F2F299}.AppStore|iPhone.Build.0 = AppStore|iPhone
		{16D3A46D-F24A-4490-90DC-BFAA08F2F299}.AppStore|iPhone.Deploy.0 = AppStore|iPhone
		{16D3A46D-F24A-4490-90DC-BFAA08F2F299}.AppStore|iPhoneSimulator.ActiveCfg = AppStore|iPhoneSimulator
		{16D3A46D-F24A-4490-90DC-BFAA08F2F299}.AppStore|iPhoneSimulator.Build.0 = AppStore|iPhoneSimulator
		{16D3A46D-F24A-4490-90DC-BFAA08F2F299}.AppStore|iPhoneSimulator.Deploy.0 = AppStore|iPhoneSimulator
		{16D3A46D-F24A-4490-90DC-BFAA08F2F299}.AppStore|x64.ActiveCfg = AppStore|iPhone
		{16D3A46D-F24A-4490-90DC-BFAA08F2F299}.AppStore|x64.Build.0 = AppStore|iPhone
		{16D3A46D-F24A-4490-90DC-BFAA08F2F299}.AppStore|x64.Deploy.0 = AppStore|iPhone
		{16D3A46D-F24A-4490-90DC-BFAA08F2F299}.AppStore|x86.ActiveCfg = AppStore|iPhone
		{16D3A46D-F24A-4490-90DC-BFAA08F2F299}.AppStore|x86.Build.0 = AppStore|iPhone
		{16D3A46D-F24A-4490-90DC-BFAA08F2F299}.AppStore|x86.Deploy.0 = AppStore|iPhone
		{16D3A46D-F24A-4490-90DC-BFAA08F2F299}.Debug|Any CPU.ActiveCfg = Debug|iPhoneSimulator
		{16D3A46D-F24A-4490-90DC-BFAA08F2F299}.Debug|Any CPU.Build.0 = Debug|iPhoneSimulator
		{16D3A46D-F24A-4490-90DC-BFAA08F2F299}.Debug|Any CPU.Deploy.0 = Debug|iPhoneSimulator
		{16D3A46D-F24A-4490-90DC-BFAA08F2F299}.Debug|ARM.ActiveCfg = Debug|iPhone
		{16D3A46D-F24A-4490-90DC-BFAA08F2F299}.Debug|ARM.Build.0 = Debug|iPhone
		{16D3A46D-F24A-4490-90DC-BFAA08F2F299}.Debug|ARM.Deploy.0 = Debug|iPhone
		{16D3A46D-F24A-4490-90DC-BFAA08F2F299}.Debug|iPhone.ActiveCfg = Debug|iPhone
		{16D3A46D-F24A-4490-90DC-BFAA08F2F299}.Debug|iPhone.Build.0 = Debug|iPhone
		{16D3A46D-F24A-4490-90DC-BFAA08F2F299}.Debug|iPhone.Deploy.0 = Debug|iPhone
		{16D3A46D-F24A-4490-90DC-BFAA08F2F299}.Debug|iPhoneSimulator.ActiveCfg = Debug|iPhoneSimulator
		{16D3A46D-F24A-4490-90DC-BFAA08F2F299}.Debug|iPhoneSimulator.Build.0 = Debug|iPhoneSimulator
		{16D3A46D-F24A-4490-90DC-BFAA08F2F299}.Debug|iPhoneSimulator.Deploy.0 = Debug|iPhoneSimulator
		{16D3A46D-F24A-4490-90DC-BFAA08F2F299}.Debug|x64.ActiveCfg = Debug|iPhone
		{16D3A46D-F24A-4490-90DC-BFAA08F2F299}.Debug|x64.Build.0 = Debug|iPhone
		{16D3A46D-F24A-4490-90DC-BFAA08F2F299}.Debug|x64.Deploy.0 = Debug|iPhone
		{16D3A46D-F24A-4490-90DC-BFAA08F2F299}.Debug|x86.ActiveCfg = Debug|iPhone
		{16D3A46D-F24A-4490-90DC-BFAA08F2F299}.Debug|x86.Build.0 = Debug|iPhone
		{16D3A46D-F24A-4490-90DC-BFAA08F2F299}.Debug|x86.Deploy.0 = Debug|iPhone
		{16D3A46D-F24A-4490-90DC-BFAA08F2F299}.Release|Any CPU.ActiveCfg = Release|iPhone
		{16D3A46D-F24A-4490-90DC-BFAA08F2F299}.Release|Any CPU.Build.0 = Release|iPhone
		{16D3A46D-F24A-4490-90DC-BFAA08F2F299}.Release|Any CPU.Deploy.0 = Release|iPhone
		{16D3A46D-F24A-4490-90DC-BFAA08F2F299}.Release|ARM.ActiveCfg = Release|iPhone
		{16D3A46D-F24A-4490-90DC-BFAA08F2F299}.Release|ARM.Build.0 = Release|iPhone
		{16D3A46D-F24A-4490-90DC-BFAA08F2F299}.Release|ARM.Deploy.0 = Release|iPhone
		{16D3A46D-F24A-4490-90DC-BFAA08F2F299}.Release|iPhone.ActiveCfg = Release|iPhone
		{16D3A46D-F24A-4490-90DC-BFAA08F2F299}.Release|iPhone.Build.0 = Release|iPhone
		{16D3A46D-F24A-4490-90DC-BFAA08F2F299}.Release|iPhone.Deploy.0 = Release|iPhone
		{16D3A46D-F24A-4490-90DC-BFAA08F2F299}.Release|iPhoneSimulator.ActiveCfg = Release|iPhoneSimulator
		{16D3A46D-F24A-4490-90DC-BFAA08F2F299}.Release|iPhoneSimulator.Build.0 = Release|iPhoneSimulator
		{16D3A46D-F24A-4490-90DC-BFAA08F2F299}.Release|iPhoneSimulator.Deploy.0 = Release|iPhoneSimulator
		{16D3A46D-F24A-4490-90DC-BFAA08F2F299}.Release|x64.ActiveCfg = Release|iPhone
		{16D3A46D-F24A-4490-90DC-BFAA08F2F299}.Release|x64.Build.0 = Release|iPhone
		{16D3A46D-F24A-4490-90DC-BFAA08F2F299}.Release|x64.Deploy.0 = Release|iPhone
		{16D3A46D-F24A-4490-90DC-BFAA08F2F299}.Release|x86.ActiveCfg = Release|iPhone
		{16D3A46D-F24A-4490-90DC-BFAA08F2F299}.Release|x86.Build.0 = Release|iPhone
		{16D3A46D-F24A-4490-90DC-BFAA08F2F299}.Release|x86.Deploy.0 = Release|iPhone
		{C450E11C-17CF-42B4-A5D5-0ABD32EC56BA}.Ad-Hoc|Any CPU.ActiveCfg = Release|x86
		{C450E11C-17CF-42B4-A5D5-0ABD32EC56BA}.Ad-Hoc|Any CPU.Build.0 = Release|x86
		{C450E11C-17CF-42B4-A5D5-0ABD32EC56BA}.Ad-Hoc|Any CPU.Deploy.0 = Release|x86
		{C450E11C-17CF-42B4-A5D5-0ABD32EC56BA}.Ad-Hoc|ARM.ActiveCfg = Release|ARM
		{C450E11C-17CF-42B4-A5D5-0ABD32EC56BA}.Ad-Hoc|ARM.Build.0 = Release|ARM
		{C450E11C-17CF-42B4-A5D5-0ABD32EC56BA}.Ad-Hoc|ARM.Deploy.0 = Release|ARM
		{C450E11C-17CF-42B4-A5D5-0ABD32EC56BA}.Ad-Hoc|iPhone.ActiveCfg = Release|x86
		{C450E11C-17CF-42B4-A5D5-0ABD32EC56BA}.Ad-Hoc|iPhone.Build.0 = Release|x86
		{C450E11C-17CF-42B4-A5D5-0ABD32EC56BA}.Ad-Hoc|iPhone.Deploy.0 = Release|x86
		{C450E11C-17CF-42B4-A5D5-0ABD32EC56BA}.Ad-Hoc|iPhoneSimulator.ActiveCfg = Release|x86
		{C450E11C-17CF-42B4-A5D5-0ABD32EC56BA}.Ad-Hoc|iPhoneSimulator.Build.0 = Release|x86
		{C450E11C-17CF-42B4-A5D5-0ABD32EC56BA}.Ad-Hoc|iPhoneSimulator.Deploy.0 = Release|x86
		{C450E11C-17CF-42B4-A5D5-0ABD32EC56BA}.Ad-Hoc|x64.ActiveCfg = Release|x64
		{C450E11C-17CF-42B4-A5D5-0ABD32EC56BA}.Ad-Hoc|x64.Build.0 = Release|x64
		{C450E11C-17CF-42B4-A5D5-0ABD32EC56BA}.Ad-Hoc|x64.Deploy.0 = Release|x64
		{C450E11C-17CF-42B4-A5D5-0ABD32EC56BA}.Ad-Hoc|x86.ActiveCfg = Release|x86
		{C450E11C-17CF-42B4-A5D5-0ABD32EC56BA}.Ad-Hoc|x86.Build.0 = Release|x86
		{C450E11C-17CF-42B4-A5D5-0ABD32EC56BA}.Ad-Hoc|x86.Deploy.0 = Release|x86
		{C450E11C-17CF-42B4-A5D5-0ABD32EC56BA}.AppStore|Any CPU.ActiveCfg = Release|x86
		{C450E11C-17CF-42B4-A5D5-0ABD32EC56BA}.AppStore|Any CPU.Build.0 = Release|x86
		{C450E11C-17CF-42B4-A5D5-0ABD32EC56BA}.AppStore|Any CPU.Deploy.0 = Release|x86
		{C450E11C-17CF-42B4-A5D5-0ABD32EC56BA}.AppStore|ARM.ActiveCfg = Release|ARM
		{C450E11C-17CF-42B4-A5D5-0ABD32EC56BA}.AppStore|ARM.Build.0 = Release|ARM
		{C450E11C-17CF-42B4-A5D5-0ABD32EC56BA}.AppStore|ARM.Deploy.0 = Release|ARM
		{C450E11C-17CF-42B4-A5D5-0ABD32EC56BA}.AppStore|iPhone.ActiveCfg = Release|x86
		{C450E11C-17CF-42B4-A5D5-0ABD32EC56BA}.AppStore|iPhone.Build.0 = Release|x86
		{C450E11C-17CF-42B4-A5D5-0ABD32EC56BA}.AppStore|iPhone.Deploy.0 = Release|x86
		{C450E11C-17CF-42B4-A5D5-0ABD32EC56BA}.AppStore|iPhoneSimulator.ActiveCfg = Release|x86
		{C450E11C-17CF-42B4-A5D5-0ABD32EC56BA}.AppStore|iPhoneSimulator.Build.0 = Release|x86
		{C450E11C-17CF-42B4-A5D5-0ABD32EC56BA}.AppStore|iPhoneSimulator.Deploy.0 = Release|x86
		{C450E11C-17CF-42B4-A5D5-0ABD32EC56BA}.AppStore|x64.ActiveCfg = Release|x64
		{C450E11C-17CF-42B4-A5D5-0ABD32EC56BA}.AppStore|x64.Build.0 = Release|x64
		{C450E11C-17CF-42B4-A5D5-0ABD32EC56BA}.AppStore|x64.Deploy.0 = Release|x64
		{C450E11C-17CF-42B4-A5D5-0ABD32EC56BA}.AppStore|x86.ActiveCfg = Release|x86
		{C450E11C-17CF-42B4-A5D5-0ABD32EC56BA}.AppStore|x86.Build.0 = Release|x86
		{C450E11C-17CF-42B4-A5D5-0ABD32EC56BA}.AppStore|x86.Deploy.0 = Release|x86
		{C450E11C-17CF-42B4-A5D5-0ABD32EC56BA}.Debug|Any CPU.ActiveCfg = Debug|x86
		{C450E11C-17CF-42B4-A5D5-0ABD32EC56BA}.Debug|Any CPU.Build.0 = Debug|x86
		{C450E11C-17CF-42B4-A5D5-0ABD32EC56BA}.Debug|Any CPU.Deploy.0 = Debug|x86
		{C450E11C-17CF-42B4-A5D5-0ABD32EC56BA}.Debug|ARM.ActiveCfg = Debug|ARM
		{C450E11C-17CF-42B4-A5D5-0ABD32EC56BA}.Debug|ARM.Build.0 = Debug|ARM
		{C450E11C-17CF-42B4-A5D5-0ABD32EC56BA}.Debug|ARM.Deploy.0 = Debug|ARM
		{C450E11C-17CF-42B4-A5D5-0ABD32EC56BA}.Debug|iPhone.ActiveCfg = Debug|x86
		{C450E11C-17CF-42B4-A5D5-0ABD32EC56BA}.Debug|iPhone.Build.0 = Debug|x86
		{C450E11C-17CF-42B4-A5D5-0ABD32EC56BA}.Debug|iPhone.Deploy.0 = Debug|x86
		{C450E11C-17CF-42B4-A5D5-0ABD32EC56BA}.Debug|iPhoneSimulator.ActiveCfg = Debug|x86
		{C450E11C-17CF-42B4-A5D5-0ABD32EC56BA}.Debug|iPhoneSimulator.Build.0 = Debug|x86
		{C450E11C-17CF-42B4-A5D5-0ABD32EC56BA}.Debug|iPhoneSimulator.Deploy.0 = Debug|x86
		{C450E11C-17CF-42B4-A5D5-0ABD32EC56BA}.Debug|x64.ActiveCfg = Debug|x64
		{C450E11C-17CF-42B4-A5D5-0ABD32EC56BA}.Debug|x64.Build.0 = Debug|x64
		{C450E11C-17CF-42B4-A5D5-0ABD32EC56BA}.Debug|x64.Deploy.0 = Debug|x64
		{C450E11C-17CF-42B4-A5D5-0ABD32EC56BA}.Debug|x86.ActiveCfg = Debug|x86
		{C450E11C-17CF-42B4-A5D5-0ABD32EC56BA}.Debug|x86.Build.0 = Debug|x86
		{C450E11C-17CF-42B4-A5D5-0ABD32EC56BA}.Debug|x86.Deploy.0 = Debug|x86
		{C450E11C-17CF-42B4-A5D5-0ABD32EC56BA}.Release|Any CPU.ActiveCfg = Release|x86
		{C450E11C-17CF-42B4-A5D5-0ABD32EC56BA}.Release|Any CPU.Build.0 = Release|x86
		{C450E11C-17CF-42B4-A5D5-0ABD32EC56BA}.Release|Any CPU.Deploy.0 = Release|x86
		{C450E11C-17CF-42B4-A5D5-0ABD32EC56BA}.Release|ARM.ActiveCfg = Release|ARM
		{C450E11C-17CF-42B4-A5D5-0ABD32EC56BA}.Release|ARM.Build.0 = Release|ARM
		{C450E11C-17CF-42B4-A5D5-0ABD32EC56BA}.Release|ARM.Deploy.0 = Release|ARM
		{C450E11C-17CF-42B4-A5D5-0ABD32EC56BA}.Release|iPhone.ActiveCfg = Release|x86
		{C450E11C-17CF-42B4-A5D5-0ABD32EC56BA}.Release|iPhone.Build.0 = Release|x86
		{C450E11C-17CF-42B4-A5D5-0ABD32EC56BA}.Release|iPhone.Deploy.0 = Release|x86
		{C450E11C-17CF-42B4-A5D5-0ABD32EC56BA}.Release|iPhoneSimulator.ActiveCfg = Release|x86
		{C450E11C-17CF-42B4-A5D5-0ABD32EC56BA}.Release|iPhoneSimulator.Build.0 = Release|x86
		{C450E11C-17CF-42B4-A5D5-0ABD32EC56BA}.Release|iPhoneSimulator.Deploy.0 = Release|x86
		{C450E11C-17CF-42B4-A5D5-0ABD32EC56BA}.Release|x64.ActiveCfg = Release|x64
		{C450E11C-17CF-42B4-A5D5-0ABD32EC56BA}.Release|x64.Build.0 = Release|x64
		{C450E11C-17CF-42B4-A5D5-0ABD32EC56BA}.Release|x64.Deploy.0 = Release|x64
		{C450E11C-17CF-42B4-A5D5-0ABD32EC56BA}.Release|x86.ActiveCfg = Release|x86
		{C450E11C-17CF-42B4-A5D5-0ABD32EC56BA}.Release|x86.Build.0 = Release|x86
		{C450E11C-17CF-42B4-A5D5-0ABD32EC56BA}.Release|x86.Deploy.0 = Release|x86
		{F08D7479-E467-492D-85A8-D2294112A31C}.Ad-Hoc|Any CPU.ActiveCfg = Debug|Any CPU
		{F08D7479-E467-492D-85A8-D2294112A31C}.Ad-Hoc|Any CPU.Build.0 = Debug|Any CPU
		{F08D7479-E467-492D-85A8-D2294112A31C}.Ad-Hoc|Any CPU.Deploy.0 = Debug|Any CPU
		{F08D7479-E467-492D-85A8-D2294112A31C}.Ad-Hoc|ARM.ActiveCfg = Debug|Any CPU
		{F08D7479-E467-492D-85A8-D2294112A31C}.Ad-Hoc|ARM.Build.0 = Debug|Any CPU
		{F08D7479-E467-492D-85A8-D2294112A31C}.Ad-Hoc|ARM.Deploy.0 = Debug|Any CPU
		{F08D7479-E467-492D-85A8-D2294112A31C}.Ad-Hoc|iPhone.ActiveCfg = Debug|Any CPU
		{F08D7479-E467-492D-85A8-D2294112A31C}.Ad-Hoc|iPhone.Build.0 = Debug|Any CPU
		{F08D7479-E467-492D-85A8-D2294112A31C}.Ad-Hoc|iPhone.Deploy.0 = Debug|Any CPU
		{F08D7479-E467-492D-85A8-D2294112A31C}.Ad-Hoc|iPhoneSimulator.ActiveCfg = Debug|Any CPU
		{F08D7479-E467-492D-85A8-D2294112A31C}.Ad-Hoc|iPhoneSimulator.Build.0 = Debug|Any CPU
		{F08D7479-E467-492D-85A8-D2294112A31C}.Ad-Hoc|iPhoneSimulator.Deploy.0 = Debug|Any CPU
		{F08D7479-E467-492D-85A8-D2294112A31C}.Ad-Hoc|x64.ActiveCfg = Debug|Any CPU
		{F08D7479-E467-492D-85A8-D2294112A31C}.Ad-Hoc|x64.Build.0 = Debug|Any CPU
		{F08D7479-E467-492D-85A8-D2294112A31C}.Ad-Hoc|x64.Deploy.0 = Debug|Any CPU
		{F08D7479-E467-492D-85A8-D2294112A31C}.Ad-Hoc|x86.ActiveCfg = Debug|Any CPU
		{F08D7479-E467-492D-85A8-D2294112A31C}.Ad-Hoc|x86.Build.0 = Debug|Any CPU
		{F08D7479-E467-492D-85A8-D2294112A31C}.Ad-Hoc|x86.Deploy.0 = Debug|Any CPU
		{F08D7479-E467-492D-85A8-D2294112A31C}.AppStore|Any CPU.ActiveCfg = Debug|Any CPU
		{F08D7479-E467-492D-85A8-D2294112A31C}.AppStore|Any CPU.Build.0 = Debug|Any CPU
		{F08D7479-E467-492D-85A8-D2294112A31C}.AppStore|Any CPU.Deploy.0 = Debug|Any CPU
		{F08D7479-E467-492D-85A8-D2294112A31C}.AppStore|ARM.ActiveCfg = Debug|Any CPU
		{F08D7479-E467-492D-85A8-D2294112A31C}.AppStore|ARM.Build.0 = Debug|Any CPU
		{F08D7479-E467-492D-85A8-D2294112A31C}.AppStore|ARM.Deploy.0 = Debug|Any CPU
		{F08D7479-E467-492D-85A8-D2294112A31C}.AppStore|iPhone.ActiveCfg = Debug|Any CPU
		{F08D7479-E467-492D-85A8-D2294112A31C}.AppStore|iPhone.Build.0 = Debug|Any CPU
		{F08D7479-E467-492D-85A8-D2294112A31C}.AppStore|iPhone.Deploy.0 = Debug|Any CPU
		{F08D7479-E467-492D-85A8-D2294112A31C}.AppStore|iPhoneSimulator.ActiveCfg = Debug|Any CPU
		{F08D7479-E467-492D-85A8-D2294112A31C}.AppStore|iPhoneSimulator.Build.0 = Debug|Any CPU
		{F08D7479-E467-492D-85A8-D2294112A31C}.AppStore|iPhoneSimulator.Deploy.0 = Debug|Any CPU
		{F08D7479-E467-492D-85A8-D2294112A31C}.AppStore|x64.ActiveCfg = Debug|Any CPU
		{F08D7479-E467-492D-85A8-D2294112A31C}.AppStore|x64.Build.0 = Debug|Any CPU
		{F08D7479-E467-492D-85A8-D2294112A31C}.AppStore|x64.Deploy.0 = Debug|Any CPU
		{F08D7479-E467-492D-85A8-D2294112A31C}.AppStore|x86.ActiveCfg = Debug|Any CPU
		{F08D7479-E467-492D-85A8-D2294112A31C}.AppStore|x86.Build.0 = Debug|Any CPU
		{F08D7479-E467-492D-85A8-D2294112A31C}.AppStore|x86.Deploy.0 = Debug|Any CPU
		{F08D7479-E467-492D-85A8-D2294112A31C}.Debug|Any CPU.ActiveCfg = Debug|Any CPU
		{F08D7479-E467-492D-85A8-D2294112A31C}.Debug|Any CPU.Build.0 = Debug|Any CPU
		{F08D7479-E467-492D-85A8-D2294112A31C}.Debug|Any CPU.Deploy.0 = Debug|Any CPU
		{F08D7479-E467-492D-85A8-D2294112A31C}.Debug|ARM.ActiveCfg = Debug|Any CPU
		{F08D7479-E467-492D-85A8-D2294112A31C}.Debug|ARM.Build.0 = Debug|Any CPU
		{F08D7479-E467-492D-85A8-D2294112A31C}.Debug|ARM.Deploy.0 = Debug|Any CPU
		{F08D7479-E467-492D-85A8-D2294112A31C}.Debug|iPhone.ActiveCfg = Debug|Any CPU
		{F08D7479-E467-492D-85A8-D2294112A31C}.Debug|iPhone.Build.0 = Debug|Any CPU
		{F08D7479-E467-492D-85A8-D2294112A31C}.Debug|iPhone.Deploy.0 = Debug|Any CPU
		{F08D7479-E467-492D-85A8-D2294112A31C}.Debug|iPhoneSimulator.ActiveCfg = Debug|Any CPU
		{F08D7479-E467-492D-85A8-D2294112A31C}.Debug|iPhoneSimulator.Build.0 = Debug|Any CPU
		{F08D7479-E467-492D-85A8-D2294112A31C}.Debug|iPhoneSimulator.Deploy.0 = Debug|Any CPU
		{F08D7479-E467-492D-85A8-D2294112A31C}.Debug|x64.ActiveCfg = Debug|Any CPU
		{F08D7479-E467-492D-85A8-D2294112A31C}.Debug|x64.Build.0 = Debug|Any CPU
		{F08D7479-E467-492D-85A8-D2294112A31C}.Debug|x64.Deploy.0 = Debug|Any CPU
		{F08D7479-E467-492D-85A8-D2294112A31C}.Debug|x86.ActiveCfg = Debug|Any CPU
		{F08D7479-E467-492D-85A8-D2294112A31C}.Debug|x86.Build.0 = Debug|Any CPU
		{F08D7479-E467-492D-85A8-D2294112A31C}.Debug|x86.Deploy.0 = Debug|Any CPU
		{F08D7479-E467-492D-85A8-D2294112A31C}.Release|Any CPU.ActiveCfg = Release|Any CPU
		{F08D7479-E467-492D-85A8-D2294112A31C}.Release|Any CPU.Build.0 = Release|Any CPU
		{F08D7479-E467-492D-85A8-D2294112A31C}.Release|Any CPU.Deploy.0 = Release|Any CPU
		{F08D7479-E467-492D-85A8-D2294112A31C}.Release|ARM.ActiveCfg = Release|Any CPU
		{F08D7479-E467-492D-85A8-D2294112A31C}.Release|ARM.Build.0 = Release|Any CPU
		{F08D7479-E467-492D-85A8-D2294112A31C}.Release|ARM.Deploy.0 = Release|Any CPU
		{F08D7479-E467-492D-85A8-D2294112A31C}.Release|iPhone.ActiveCfg = Release|Any CPU
		{F08D7479-E467-492D-85A8-D2294112A31C}.Release|iPhone.Build.0 = Release|Any CPU
		{F08D7479-E467-492D-85A8-D2294112A31C}.Release|iPhone.Deploy.0 = Release|Any CPU
		{F08D7479-E467-492D-85A8-D2294112A31C}.Release|iPhoneSimulator.ActiveCfg = Release|Any CPU
		{F08D7479-E467-492D-85A8-D2294112A31C}.Release|iPhoneSimulator.Build.0 = Release|Any CPU
		{F08D7479-E467-492D-85A8-D2294112A31C}.Release|iPhoneSimulator.Deploy.0 = Release|Any CPU
		{F08D7479-E467-492D-85A8-D2294112A31C}.Release|x64.ActiveCfg = Release|Any CPU
		{F08D7479-E467-492D-85A8-D2294112A31C}.Release|x64.Build.0 = Release|Any CPU
		{F08D7479-E467-492D-85A8-D2294112A31C}.Release|x64.Deploy.0 = Release|Any CPU
		{F08D7479-E467-492D-85A8-D2294112A31C}.Release|x86.ActiveCfg = Release|Any CPU
		{F08D7479-E467-492D-85A8-D2294112A31C}.Release|x86.Build.0 = Release|Any CPU
		{F08D7479-E467-492D-85A8-D2294112A31C}.Release|x86.Deploy.0 = Release|Any CPU
	EndGlobalSection
	GlobalSection(SolutionProperties) = preSolution
		HideSolutionNode = FALSE
	EndGlobalSection
	GlobalSection(ExtensibilityGlobals) = postSolution
		SolutionGuid = {2A41ABBB-9649-434B-A938-E0C90F4DA81F}
	EndGlobalSection
EndGlobal
